// !$*UTF8*$!
{
	archiveVersion = 1;
	classes = {
	};
	objectVersion = 42;
	objects = {

/* Begin PBXBuildFile section */
		89FF05B017D2591A0086CCFD /* libopencv_calib3d.a in Frameworks */ = {isa = PBXBuildFile; fileRef = 89FF058617D2591A0086CCFD /* libopencv_calib3d.a */; };
		89FF05B117D2591A0086CCFD /* libopencv_contrib.a in Frameworks */ = {isa = PBXBuildFile; fileRef = 89FF058717D2591A0086CCFD /* libopencv_contrib.a */; };
		89FF05B217D2591A0086CCFD /* libopencv_core.a in Frameworks */ = {isa = PBXBuildFile; fileRef = 89FF058817D2591A0086CCFD /* libopencv_core.a */; };
		89FF05B317D2591A0086CCFD /* libopencv_features2d.a in Frameworks */ = {isa = PBXBuildFile; fileRef = 89FF058917D2591A0086CCFD /* libopencv_features2d.a */; };
		89FF05B417D2591A0086CCFD /* libopencv_flann.a in Frameworks */ = {isa = PBXBuildFile; fileRef = 89FF058A17D2591A0086CCFD /* libopencv_flann.a */; };
		89FF05B517D2591A0086CCFD /* libopencv_highgui.a in Frameworks */ = {isa = PBXBuildFile; fileRef = 89FF058B17D2591A0086CCFD /* libopencv_highgui.a */; };
		89FF05B617D2591A0086CCFD /* libopencv_imgproc.a in Frameworks */ = {isa = PBXBuildFile; fileRef = 89FF058C17D2591A0086CCFD /* libopencv_imgproc.a */; };
		89FF05B717D2591A0086CCFD /* libopencv_legacy.a in Frameworks */ = {isa = PBXBuildFile; fileRef = 89FF058D17D2591A0086CCFD /* libopencv_legacy.a */; };
		89FF05B817D2591A0086CCFD /* libopencv_ml.a in Frameworks */ = {isa = PBXBuildFile; fileRef = 89FF058E17D2591A0086CCFD /* libopencv_ml.a */; };
		89FF05B917D2591A0086CCFD /* libopencv_nonfree.a in Frameworks */ = {isa = PBXBuildFile; fileRef = 89FF058F17D2591A0086CCFD /* libopencv_nonfree.a */; };
		89FF05BA17D2591A0086CCFD /* libopencv_objdetect.a in Frameworks */ = {isa = PBXBuildFile; fileRef = 89FF059017D2591A0086CCFD /* libopencv_objdetect.a */; };
		89FF05BB17D2591A0086CCFD /* libopencv_photo.a in Frameworks */ = {isa = PBXBuildFile; fileRef = 89FF059117D2591A0086CCFD /* libopencv_photo.a */; };
		89FF05BC17D2591A0086CCFD /* libopencv_stitching.a in Frameworks */ = {isa = PBXBuildFile; fileRef = 89FF059217D2591A0086CCFD /* libopencv_stitching.a */; };
		89FF05BD17D2591A0086CCFD /* libopencv_superres.a in Frameworks */ = {isa = PBXBuildFile; fileRef = 89FF059317D2591A0086CCFD /* libopencv_superres.a */; };
		89FF05BE17D2591A0086CCFD /* libopencv_ts.a in Frameworks */ = {isa = PBXBuildFile; fileRef = 89FF059417D2591A0086CCFD /* libopencv_ts.a */; };
		89FF05BF17D2591A0086CCFD /* libopencv_video.a in Frameworks */ = {isa = PBXBuildFile; fileRef = 89FF059517D2591A0086CCFD /* libopencv_video.a */; };
		89FF05C017D2591A0086CCFD /* libopencv_videostab.a in Frameworks */ = {isa = PBXBuildFile; fileRef = 89FF059617D2591A0086CCFD /* libopencv_videostab.a */; };
		89FF05C217D2591A0086CCFD /* ofxCvColorImage.cpp in Sources */ = {isa = PBXBuildFile; fileRef = 89FF059F17D2591A0086CCFD /* ofxCvColorImage.cpp */; };
		89FF05C317D2591A0086CCFD /* ofxCvContourFinder.cpp in Sources */ = {isa = PBXBuildFile; fileRef = 89FF05A217D2591A0086CCFD /* ofxCvContourFinder.cpp */; };
		89FF05C417D2591A0086CCFD /* ofxCvFloatImage.cpp in Sources */ = {isa = PBXBuildFile; fileRef = 89FF05A417D2591A0086CCFD /* ofxCvFloatImage.cpp */; };
		89FF05C517D2591A0086CCFD /* ofxCvGrayscaleImage.cpp in Sources */ = {isa = PBXBuildFile; fileRef = 89FF05A617D2591A0086CCFD /* ofxCvGrayscaleImage.cpp */; };
		89FF05C617D2591A0086CCFD /* ofxCvHaarFinder.cpp in Sources */ = {isa = PBXBuildFile; fileRef = 89FF05A817D2591A0086CCFD /* ofxCvHaarFinder.cpp */; };
		89FF05C717D2591A0086CCFD /* ofxCvImage.cpp in Sources */ = {isa = PBXBuildFile; fileRef = 89FF05AA17D2591A0086CCFD /* ofxCvImage.cpp */; };
		89FF05C817D2591A0086CCFD /* ofxCvShortImage.cpp in Sources */ = {isa = PBXBuildFile; fileRef = 89FF05AD17D2591A0086CCFD /* ofxCvShortImage.cpp */; };
		89FF05CA17D25A830086CCFD /* libz.dylib in Frameworks */ = {isa = PBXBuildFile; fileRef = 89FF05C917D25A830086CCFD /* libz.dylib */; };
		BBAB23CB13894F3D00AA2426 /* GLUT.framework in CopyFiles */ = {isa = PBXBuildFile; fileRef = BBAB23BE13894E4700AA2426 /* GLUT.framework */; };
		E4328149138ABC9F0047C5CB /* openFrameworksDebug.a in Frameworks */ = {isa = PBXBuildFile; fileRef = E4328148138ABC890047C5CB /* openFrameworksDebug.a */; };
		E45BE97B0E8CC7DD009D7055 /* AGL.framework in Frameworks */ = {isa = PBXBuildFile; fileRef = E45BE9710E8CC7DD009D7055 /* AGL.framework */; };
		E45BE97C0E8CC7DD009D7055 /* ApplicationServices.framework in Frameworks */ = {isa = PBXBuildFile; fileRef = E45BE9720E8CC7DD009D7055 /* ApplicationServices.framework */; };
		E45BE97D0E8CC7DD009D7055 /* AudioToolbox.framework in Frameworks */ = {isa = PBXBuildFile; fileRef = E45BE9730E8CC7DD009D7055 /* AudioToolbox.framework */; };
		E45BE97E0E8CC7DD009D7055 /* Carbon.framework in Frameworks */ = {isa = PBXBuildFile; fileRef = E45BE9740E8CC7DD009D7055 /* Carbon.framework */; };
		E45BE97F0E8CC7DD009D7055 /* CoreAudio.framework in Frameworks */ = {isa = PBXBuildFile; fileRef = E45BE9750E8CC7DD009D7055 /* CoreAudio.framework */; };
		E45BE9800E8CC7DD009D7055 /* CoreFoundation.framework in Frameworks */ = {isa = PBXBuildFile; fileRef = E45BE9760E8CC7DD009D7055 /* CoreFoundation.framework */; };
		E45BE9810E8CC7DD009D7055 /* CoreServices.framework in Frameworks */ = {isa = PBXBuildFile; fileRef = E45BE9770E8CC7DD009D7055 /* CoreServices.framework */; };
		E45BE9830E8CC7DD009D7055 /* OpenGL.framework in Frameworks */ = {isa = PBXBuildFile; fileRef = E45BE9790E8CC7DD009D7055 /* OpenGL.framework */; };
		E45BE9840E8CC7DD009D7055 /* QuickTime.framework in Frameworks */ = {isa = PBXBuildFile; fileRef = E45BE97A0E8CC7DD009D7055 /* QuickTime.framework */; };
		E4B69E200A3A1BDC003C02F2 /* main.cpp in Sources */ = {isa = PBXBuildFile; fileRef = E4B69E1D0A3A1BDC003C02F2 /* main.cpp */; };
		E4B69E210A3A1BDC003C02F2 /* testApp.cpp in Sources */ = {isa = PBXBuildFile; fileRef = E4B69E1E0A3A1BDC003C02F2 /* testApp.cpp */; };
		E4C2424710CC5A17004149E2 /* AppKit.framework in Frameworks */ = {isa = PBXBuildFile; fileRef = E4C2424410CC5A17004149E2 /* AppKit.framework */; };
		E4C2424810CC5A17004149E2 /* Cocoa.framework in Frameworks */ = {isa = PBXBuildFile; fileRef = E4C2424510CC5A17004149E2 /* Cocoa.framework */; };
		E4C2424910CC5A17004149E2 /* IOKit.framework in Frameworks */ = {isa = PBXBuildFile; fileRef = E4C2424610CC5A17004149E2 /* IOKit.framework */; };
		E4EB6799138ADC1D00A09F29 /* GLUT.framework in Frameworks */ = {isa = PBXBuildFile; fileRef = BBAB23BE13894E4700AA2426 /* GLUT.framework */; };
		E7E077E515D3B63C0020DFD4 /* CoreVideo.framework in Frameworks */ = {isa = PBXBuildFile; fileRef = E7E077E415D3B63C0020DFD4 /* CoreVideo.framework */; };
		E7E077E815D3B6510020DFD4 /* QTKit.framework in Frameworks */ = {isa = PBXBuildFile; fileRef = E7E077E715D3B6510020DFD4 /* QTKit.framework */; };
		E7F985F815E0DEA3003869B5 /* Accelerate.framework in Frameworks */ = {isa = PBXBuildFile; fileRef = E7F985F515E0DE99003869B5 /* Accelerate.framework */; };
/* End PBXBuildFile section */

/* Begin PBXContainerItemProxy section */
		E4328147138ABC890047C5CB /* PBXContainerItemProxy */ = {
			isa = PBXContainerItemProxy;
			containerPortal = E4328143138ABC890047C5CB /* openFrameworksLib.xcodeproj */;
			proxyType = 2;
			remoteGlobalIDString = E4B27C1510CBEB8E00536013;
			remoteInfo = openFrameworks;
		};
		E4EEB9AB138B136A00A80321 /* PBXContainerItemProxy */ = {
			isa = PBXContainerItemProxy;
			containerPortal = E4328143138ABC890047C5CB /* openFrameworksLib.xcodeproj */;
			proxyType = 1;
			remoteGlobalIDString = E4B27C1410CBEB8E00536013;
			remoteInfo = openFrameworks;
		};
/* End PBXContainerItemProxy section */

/* Begin PBXCopyFilesBuildPhase section */
		E4C2427710CC5ABF004149E2 /* CopyFiles */ = {
			isa = PBXCopyFilesBuildPhase;
			buildActionMask = 2147483647;
			dstPath = "";
			dstSubfolderSpec = 10;
			files = (
				BBAB23CB13894F3D00AA2426 /* GLUT.framework in CopyFiles */,
			);
			runOnlyForDeploymentPostprocessing = 0;
		};
/* End PBXCopyFilesBuildPhase section */

/* Begin PBXFileReference section */
		89FF04F217D2591A0086CCFD /* install.xml */ = {isa = PBXFileReference; fileEncoding = 4; lastKnownFileType = text.xml; path = install.xml; sourceTree = "<group>"; };
		89FF04F717D2591A0086CCFD /* cv.h */ = {isa = PBXFileReference; fileEncoding = 4; lastKnownFileType = sourcecode.c.h; path = cv.h; sourceTree = "<group>"; };
		89FF04F817D2591A0086CCFD /* cv.hpp */ = {isa = PBXFileReference; fileEncoding = 4; lastKnownFileType = sourcecode.cpp.h; path = cv.hpp; sourceTree = "<group>"; };
		89FF04F917D2591A0086CCFD /* cvaux.h */ = {isa = PBXFileReference; fileEncoding = 4; lastKnownFileType = sourcecode.c.h; path = cvaux.h; sourceTree = "<group>"; };
		89FF04FA17D2591A0086CCFD /* cvaux.hpp */ = {isa = PBXFileReference; fileEncoding = 4; lastKnownFileType = sourcecode.cpp.h; path = cvaux.hpp; sourceTree = "<group>"; };
		89FF04FB17D2591A0086CCFD /* cvwimage.h */ = {isa = PBXFileReference; fileEncoding = 4; lastKnownFileType = sourcecode.c.h; path = cvwimage.h; sourceTree = "<group>"; };
		89FF04FC17D2591A0086CCFD /* cxcore.h */ = {isa = PBXFileReference; fileEncoding = 4; lastKnownFileType = sourcecode.c.h; path = cxcore.h; sourceTree = "<group>"; };
		89FF04FD17D2591A0086CCFD /* cxcore.hpp */ = {isa = PBXFileReference; fileEncoding = 4; lastKnownFileType = sourcecode.cpp.h; path = cxcore.hpp; sourceTree = "<group>"; };
		89FF04FE17D2591A0086CCFD /* cxeigen.hpp */ = {isa = PBXFileReference; fileEncoding = 4; lastKnownFileType = sourcecode.cpp.h; path = cxeigen.hpp; sourceTree = "<group>"; };
		89FF04FF17D2591A0086CCFD /* cxmisc.h */ = {isa = PBXFileReference; fileEncoding = 4; lastKnownFileType = sourcecode.c.h; path = cxmisc.h; sourceTree = "<group>"; };
		89FF050017D2591A0086CCFD /* highgui.h */ = {isa = PBXFileReference; fileEncoding = 4; lastKnownFileType = sourcecode.c.h; path = highgui.h; sourceTree = "<group>"; };
		89FF050117D2591A0086CCFD /* ml.h */ = {isa = PBXFileReference; fileEncoding = 4; lastKnownFileType = sourcecode.c.h; path = ml.h; sourceTree = "<group>"; };
		89FF050417D2591A0086CCFD /* calib3d.hpp */ = {isa = PBXFileReference; fileEncoding = 4; lastKnownFileType = sourcecode.cpp.h; path = calib3d.hpp; sourceTree = "<group>"; };
		89FF050617D2591A0086CCFD /* contrib.hpp */ = {isa = PBXFileReference; fileEncoding = 4; lastKnownFileType = sourcecode.cpp.h; path = contrib.hpp; sourceTree = "<group>"; };
		89FF050717D2591A0086CCFD /* detection_based_tracker.hpp */ = {isa = PBXFileReference; fileEncoding = 4; lastKnownFileType = sourcecode.cpp.h; path = detection_based_tracker.hpp; sourceTree = "<group>"; };
		89FF050817D2591A0086CCFD /* hybridtracker.hpp */ = {isa = PBXFileReference; fileEncoding = 4; lastKnownFileType = sourcecode.cpp.h; path = hybridtracker.hpp; sourceTree = "<group>"; };
		89FF050917D2591A0086CCFD /* openfabmap.hpp */ = {isa = PBXFileReference; fileEncoding = 4; lastKnownFileType = sourcecode.cpp.h; path = openfabmap.hpp; sourceTree = "<group>"; };
		89FF050A17D2591A0086CCFD /* retina.hpp */ = {isa = PBXFileReference; fileEncoding = 4; lastKnownFileType = sourcecode.cpp.h; path = retina.hpp; sourceTree = "<group>"; };
		89FF050C17D2591A0086CCFD /* core.hpp */ = {isa = PBXFileReference; fileEncoding = 4; lastKnownFileType = sourcecode.cpp.h; path = core.hpp; sourceTree = "<group>"; };
		89FF050D17D2591A0086CCFD /* core_c.h */ = {isa = PBXFileReference; fileEncoding = 4; lastKnownFileType = sourcecode.c.h; path = core_c.h; sourceTree = "<group>"; };
		89FF050E17D2591A0086CCFD /* cuda_devptrs.hpp */ = {isa = PBXFileReference; fileEncoding = 4; lastKnownFileType = sourcecode.cpp.h; path = cuda_devptrs.hpp; sourceTree = "<group>"; };
		89FF050F17D2591A0086CCFD /* devmem2d.hpp */ = {isa = PBXFileReference; fileEncoding = 4; lastKnownFileType = sourcecode.cpp.h; path = devmem2d.hpp; sourceTree = "<group>"; };
		89FF051017D2591A0086CCFD /* eigen.hpp */ = {isa = PBXFileReference; fileEncoding = 4; lastKnownFileType = sourcecode.cpp.h; path = eigen.hpp; sourceTree = "<group>"; };
		89FF051117D2591A0086CCFD /* gpumat.hpp */ = {isa = PBXFileReference; fileEncoding = 4; lastKnownFileType = sourcecode.cpp.h; path = gpumat.hpp; sourceTree = "<group>"; };
		89FF051217D2591A0086CCFD /* internal.hpp */ = {isa = PBXFileReference; fileEncoding = 4; lastKnownFileType = sourcecode.cpp.h; path = internal.hpp; sourceTree = "<group>"; };
		89FF051317D2591A0086CCFD /* mat.hpp */ = {isa = PBXFileReference; fileEncoding = 4; lastKnownFileType = sourcecode.cpp.h; path = mat.hpp; sourceTree = "<group>"; };
		89FF051417D2591A0086CCFD /* opengl_interop.hpp */ = {isa = PBXFileReference; fileEncoding = 4; lastKnownFileType = sourcecode.cpp.h; path = opengl_interop.hpp; sourceTree = "<group>"; };
		89FF051517D2591A0086CCFD /* opengl_interop_deprecated.hpp */ = {isa = PBXFileReference; fileEncoding = 4; lastKnownFileType = sourcecode.cpp.h; path = opengl_interop_deprecated.hpp; sourceTree = "<group>"; };
		89FF051617D2591A0086CCFD /* operations.hpp */ = {isa = PBXFileReference; fileEncoding = 4; lastKnownFileType = sourcecode.cpp.h; path = operations.hpp; sourceTree = "<group>"; };
		89FF051717D2591A0086CCFD /* types_c.h */ = {isa = PBXFileReference; fileEncoding = 4; lastKnownFileType = sourcecode.c.h; path = types_c.h; sourceTree = "<group>"; };
		89FF051817D2591A0086CCFD /* version.hpp */ = {isa = PBXFileReference; fileEncoding = 4; lastKnownFileType = sourcecode.cpp.h; path = version.hpp; sourceTree = "<group>"; };
		89FF051917D2591A0086CCFD /* wimage.hpp */ = {isa = PBXFileReference; fileEncoding = 4; lastKnownFileType = sourcecode.cpp.h; path = wimage.hpp; sourceTree = "<group>"; };
		89FF051B17D2591A0086CCFD /* features2d.hpp */ = {isa = PBXFileReference; fileEncoding = 4; lastKnownFileType = sourcecode.cpp.h; path = features2d.hpp; sourceTree = "<group>"; };
		89FF051D17D2591A0086CCFD /* all_indices.h */ = {isa = PBXFileReference; fileEncoding = 4; lastKnownFileType = sourcecode.c.h; path = all_indices.h; sourceTree = "<group>"; };
		89FF051E17D2591A0086CCFD /* allocator.h */ = {isa = PBXFileReference; fileEncoding = 4; lastKnownFileType = sourcecode.c.h; path = allocator.h; sourceTree = "<group>"; };
		89FF051F17D2591A0086CCFD /* any.h */ = {isa = PBXFileReference; fileEncoding = 4; lastKnownFileType = sourcecode.c.h; path = any.h; sourceTree = "<group>"; };
		89FF052017D2591A0086CCFD /* autotuned_index.h */ = {isa = PBXFileReference; fileEncoding = 4; lastKnownFileType = sourcecode.c.h; path = autotuned_index.h; sourceTree = "<group>"; };
		89FF052117D2591A0086CCFD /* composite_index.h */ = {isa = PBXFileReference; fileEncoding = 4; lastKnownFileType = sourcecode.c.h; path = composite_index.h; sourceTree = "<group>"; };
		89FF052217D2591A0086CCFD /* config.h */ = {isa = PBXFileReference; fileEncoding = 4; lastKnownFileType = sourcecode.c.h; path = config.h; sourceTree = "<group>"; };
		89FF052317D2591A0086CCFD /* defines.h */ = {isa = PBXFileReference; fileEncoding = 4; lastKnownFileType = sourcecode.c.h; path = defines.h; sourceTree = "<group>"; };
		89FF052417D2591A0086CCFD /* dist.h */ = {isa = PBXFileReference; fileEncoding = 4; lastKnownFileType = sourcecode.c.h; path = dist.h; sourceTree = "<group>"; };
		89FF052517D2591A0086CCFD /* dummy.h */ = {isa = PBXFileReference; fileEncoding = 4; lastKnownFileType = sourcecode.c.h; path = dummy.h; sourceTree = "<group>"; };
		89FF052617D2591A0086CCFD /* dynamic_bitset.h */ = {isa = PBXFileReference; fileEncoding = 4; lastKnownFileType = sourcecode.c.h; path = dynamic_bitset.h; sourceTree = "<group>"; };
		89FF052717D2591A0086CCFD /* flann.hpp */ = {isa = PBXFileReference; fileEncoding = 4; lastKnownFileType = sourcecode.cpp.h; path = flann.hpp; sourceTree = "<group>"; };
		89FF052817D2591A0086CCFD /* flann_base.hpp */ = {isa = PBXFileReference; fileEncoding = 4; lastKnownFileType = sourcecode.cpp.h; path = flann_base.hpp; sourceTree = "<group>"; };
		89FF052917D2591A0086CCFD /* general.h */ = {isa = PBXFileReference; fileEncoding = 4; lastKnownFileType = sourcecode.c.h; path = general.h; sourceTree = "<group>"; };
		89FF052A17D2591A0086CCFD /* ground_truth.h */ = {isa = PBXFileReference; fileEncoding = 4; lastKnownFileType = sourcecode.c.h; path = ground_truth.h; sourceTree = "<group>"; };
		89FF052B17D2591A0086CCFD /* hdf5.h */ = {isa = PBXFileReference; fileEncoding = 4; lastKnownFileType = sourcecode.c.h; path = hdf5.h; sourceTree = "<group>"; };
		89FF052C17D2591A0086CCFD /* heap.h */ = {isa = PBXFileReference; fileEncoding = 4; lastKnownFileType = sourcecode.c.h; path = heap.h; sourceTree = "<group>"; };
		89FF052D17D2591A0086CCFD /* hierarchical_clustering_index.h */ = {isa = PBXFileReference; fileEncoding = 4; lastKnownFileType = sourcecode.c.h; path = hierarchical_clustering_index.h; sourceTree = "<group>"; };
		89FF052E17D2591A0086CCFD /* index_testing.h */ = {isa = PBXFileReference; fileEncoding = 4; lastKnownFileType = sourcecode.c.h; path = index_testing.h; sourceTree = "<group>"; };
		89FF052F17D2591A0086CCFD /* kdtree_index.h */ = {isa = PBXFileReference; fileEncoding = 4; lastKnownFileType = sourcecode.c.h; path = kdtree_index.h; sourceTree = "<group>"; };
		89FF053017D2591A0086CCFD /* kdtree_single_index.h */ = {isa = PBXFileReference; fileEncoding = 4; lastKnownFileType = sourcecode.c.h; path = kdtree_single_index.h; sourceTree = "<group>"; };
		89FF053117D2591A0086CCFD /* kmeans_index.h */ = {isa = PBXFileReference; fileEncoding = 4; lastKnownFileType = sourcecode.c.h; path = kmeans_index.h; sourceTree = "<group>"; };
		89FF053217D2591A0086CCFD /* linear_index.h */ = {isa = PBXFileReference; fileEncoding = 4; lastKnownFileType = sourcecode.c.h; path = linear_index.h; sourceTree = "<group>"; };
		89FF053317D2591A0086CCFD /* logger.h */ = {isa = PBXFileReference; fileEncoding = 4; lastKnownFileType = sourcecode.c.h; path = logger.h; sourceTree = "<group>"; };
		89FF053417D2591A0086CCFD /* lsh_index.h */ = {isa = PBXFileReference; fileEncoding = 4; lastKnownFileType = sourcecode.c.h; path = lsh_index.h; sourceTree = "<group>"; };
		89FF053517D2591A0086CCFD /* lsh_table.h */ = {isa = PBXFileReference; fileEncoding = 4; lastKnownFileType = sourcecode.c.h; path = lsh_table.h; sourceTree = "<group>"; };
		89FF053617D2591A0086CCFD /* matrix.h */ = {isa = PBXFileReference; fileEncoding = 4; lastKnownFileType = sourcecode.c.h; path = matrix.h; sourceTree = "<group>"; };
		89FF053717D2591A0086CCFD /* miniflann.hpp */ = {isa = PBXFileReference; fileEncoding = 4; lastKnownFileType = sourcecode.cpp.h; path = miniflann.hpp; sourceTree = "<group>"; };
		89FF053817D2591A0086CCFD /* nn_index.h */ = {isa = PBXFileReference; fileEncoding = 4; lastKnownFileType = sourcecode.c.h; path = nn_index.h; sourceTree = "<group>"; };
		89FF053917D2591A0086CCFD /* object_factory.h */ = {isa = PBXFileReference; fileEncoding = 4; lastKnownFileType = sourcecode.c.h; path = object_factory.h; sourceTree = "<group>"; };
		89FF053A17D2591A0086CCFD /* params.h */ = {isa = PBXFileReference; fileEncoding = 4; lastKnownFileType = sourcecode.c.h; path = params.h; sourceTree = "<group>"; };
		89FF053B17D2591A0086CCFD /* random.h */ = {isa = PBXFileReference; fileEncoding = 4; lastKnownFileType = sourcecode.c.h; path = random.h; sourceTree = "<group>"; };
		89FF053C17D2591A0086CCFD /* result_set.h */ = {isa = PBXFileReference; fileEncoding = 4; lastKnownFileType = sourcecode.c.h; path = result_set.h; sourceTree = "<group>"; };
		89FF053D17D2591A0086CCFD /* sampling.h */ = {isa = PBXFileReference; fileEncoding = 4; lastKnownFileType = sourcecode.c.h; path = sampling.h; sourceTree = "<group>"; };
		89FF053E17D2591A0086CCFD /* saving.h */ = {isa = PBXFileReference; fileEncoding = 4; lastKnownFileType = sourcecode.c.h; path = saving.h; sourceTree = "<group>"; };
		89FF053F17D2591A0086CCFD /* simplex_downhill.h */ = {isa = PBXFileReference; fileEncoding = 4; lastKnownFileType = sourcecode.c.h; path = simplex_downhill.h; sourceTree = "<group>"; };
		89FF054017D2591A0086CCFD /* timer.h */ = {isa = PBXFileReference; fileEncoding = 4; lastKnownFileType = sourcecode.c.h; path = timer.h; sourceTree = "<group>"; };
		89FF054217D2591A0086CCFD /* cap_ios.h */ = {isa = PBXFileReference; fileEncoding = 4; lastKnownFileType = sourcecode.c.h; path = cap_ios.h; sourceTree = "<group>"; };
		89FF054317D2591A0086CCFD /* highgui.hpp */ = {isa = PBXFileReference; fileEncoding = 4; lastKnownFileType = sourcecode.cpp.h; path = highgui.hpp; sourceTree = "<group>"; };
		89FF054417D2591A0086CCFD /* highgui_c.h */ = {isa = PBXFileReference; fileEncoding = 4; lastKnownFileType = sourcecode.c.h; path = highgui_c.h; sourceTree = "<group>"; };
		89FF054517D2591A0086CCFD /* ios.h */ = {isa = PBXFileReference; fileEncoding = 4; lastKnownFileType = sourcecode.c.h; path = ios.h; sourceTree = "<group>"; };
		89FF054717D2591A0086CCFD /* imgproc.hpp */ = {isa = PBXFileReference; fileEncoding = 4; lastKnownFileType = sourcecode.cpp.h; path = imgproc.hpp; sourceTree = "<group>"; };
		89FF054817D2591A0086CCFD /* imgproc_c.h */ = {isa = PBXFileReference; fileEncoding = 4; lastKnownFileType = sourcecode.c.h; path = imgproc_c.h; sourceTree = "<group>"; };
		89FF054917D2591A0086CCFD /* types_c.h */ = {isa = PBXFileReference; fileEncoding = 4; lastKnownFileType = sourcecode.c.h; path = types_c.h; sourceTree = "<group>"; };
		89FF054B17D2591A0086CCFD /* blobtrack.hpp */ = {isa = PBXFileReference; fileEncoding = 4; lastKnownFileType = sourcecode.cpp.h; path = blobtrack.hpp; sourceTree = "<group>"; };
		89FF054C17D2591A0086CCFD /* compat.hpp */ = {isa = PBXFileReference; fileEncoding = 4; lastKnownFileType = sourcecode.cpp.h; path = compat.hpp; sourceTree = "<group>"; };
		89FF054D17D2591A0086CCFD /* legacy.hpp */ = {isa = PBXFileReference; fileEncoding = 4; lastKnownFileType = sourcecode.cpp.h; path = legacy.hpp; sourceTree = "<group>"; };
		89FF054E17D2591A0086CCFD /* streams.hpp */ = {isa = PBXFileReference; fileEncoding = 4; lastKnownFileType = sourcecode.cpp.h; path = streams.hpp; sourceTree = "<group>"; };
		89FF055017D2591A0086CCFD /* ml.hpp */ = {isa = PBXFileReference; fileEncoding = 4; lastKnownFileType = sourcecode.cpp.h; path = ml.hpp; sourceTree = "<group>"; };
		89FF055217D2591A0086CCFD /* features2d.hpp */ = {isa = PBXFileReference; fileEncoding = 4; lastKnownFileType = sourcecode.cpp.h; path = features2d.hpp; sourceTree = "<group>"; };
		89FF055317D2591A0086CCFD /* gpu.hpp */ = {isa = PBXFileReference; fileEncoding = 4; lastKnownFileType = sourcecode.cpp.h; path = gpu.hpp; sourceTree = "<group>"; };
		89FF055417D2591A0086CCFD /* nonfree.hpp */ = {isa = PBXFileReference; fileEncoding = 4; lastKnownFileType = sourcecode.cpp.h; path = nonfree.hpp; sourceTree = "<group>"; };
		89FF055517D2591A0086CCFD /* ocl.hpp */ = {isa = PBXFileReference; fileEncoding = 4; lastKnownFileType = sourcecode.cpp.h; path = ocl.hpp; sourceTree = "<group>"; };
		89FF055717D2591A0086CCFD /* objdetect.hpp */ = {isa = PBXFileReference; fileEncoding = 4; lastKnownFileType = sourcecode.cpp.h; path = objdetect.hpp; sourceTree = "<group>"; };
		89FF055817D2591A0086CCFD /* opencv.hpp */ = {isa = PBXFileReference; fileEncoding = 4; lastKnownFileType = sourcecode.cpp.h; path = opencv.hpp; sourceTree = "<group>"; };
		89FF055917D2591A0086CCFD /* opencv_modules.hpp */ = {isa = PBXFileReference; fileEncoding = 4; lastKnownFileType = sourcecode.cpp.h; path = opencv_modules.hpp; sourceTree = "<group>"; };
		89FF055B17D2591A0086CCFD /* photo.hpp */ = {isa = PBXFileReference; fileEncoding = 4; lastKnownFileType = sourcecode.cpp.h; path = photo.hpp; sourceTree = "<group>"; };
		89FF055C17D2591A0086CCFD /* photo_c.h */ = {isa = PBXFileReference; fileEncoding = 4; lastKnownFileType = sourcecode.c.h; path = photo_c.h; sourceTree = "<group>"; };
		89FF055F17D2591A0086CCFD /* autocalib.hpp */ = {isa = PBXFileReference; fileEncoding = 4; lastKnownFileType = sourcecode.cpp.h; path = autocalib.hpp; sourceTree = "<group>"; };
		89FF056017D2591A0086CCFD /* blenders.hpp */ = {isa = PBXFileReference; fileEncoding = 4; lastKnownFileType = sourcecode.cpp.h; path = blenders.hpp; sourceTree = "<group>"; };
		89FF056117D2591A0086CCFD /* camera.hpp */ = {isa = PBXFileReference; fileEncoding = 4; lastKnownFileType = sourcecode.cpp.h; path = camera.hpp; sourceTree = "<group>"; };
		89FF056217D2591A0086CCFD /* exposure_compensate.hpp */ = {isa = PBXFileReference; fileEncoding = 4; lastKnownFileType = sourcecode.cpp.h; path = exposure_compensate.hpp; sourceTree = "<group>"; };
		89FF056317D2591A0086CCFD /* matchers.hpp */ = {isa = PBXFileReference; fileEncoding = 4; lastKnownFileType = sourcecode.cpp.h; path = matchers.hpp; sourceTree = "<group>"; };
		89FF056417D2591A0086CCFD /* motion_estimators.hpp */ = {isa = PBXFileReference; fileEncoding = 4; lastKnownFileType = sourcecode.cpp.h; path = motion_estimators.hpp; sourceTree = "<group>"; };
		89FF056517D2591A0086CCFD /* seam_finders.hpp */ = {isa = PBXFileReference; fileEncoding = 4; lastKnownFileType = sourcecode.cpp.h; path = seam_finders.hpp; sourceTree = "<group>"; };
		89FF056617D2591A0086CCFD /* util.hpp */ = {isa = PBXFileReference; fileEncoding = 4; lastKnownFileType = sourcecode.cpp.h; path = util.hpp; sourceTree = "<group>"; };
		89FF056717D2591A0086CCFD /* util_inl.hpp */ = {isa = PBXFileReference; fileEncoding = 4; lastKnownFileType = sourcecode.cpp.h; path = util_inl.hpp; sourceTree = "<group>"; };
		89FF056817D2591A0086CCFD /* warpers.hpp */ = {isa = PBXFileReference; fileEncoding = 4; lastKnownFileType = sourcecode.cpp.h; path = warpers.hpp; sourceTree = "<group>"; };
		89FF056917D2591A0086CCFD /* warpers_inl.hpp */ = {isa = PBXFileReference; fileEncoding = 4; lastKnownFileType = sourcecode.cpp.h; path = warpers_inl.hpp; sourceTree = "<group>"; };
		89FF056A17D2591A0086CCFD /* stitcher.hpp */ = {isa = PBXFileReference; fileEncoding = 4; lastKnownFileType = sourcecode.cpp.h; path = stitcher.hpp; sourceTree = "<group>"; };
		89FF056B17D2591A0086CCFD /* warpers.hpp */ = {isa = PBXFileReference; fileEncoding = 4; lastKnownFileType = sourcecode.cpp.h; path = warpers.hpp; sourceTree = "<group>"; };
		89FF056D17D2591A0086CCFD /* optical_flow.hpp */ = {isa = PBXFileReference; fileEncoding = 4; lastKnownFileType = sourcecode.cpp.h; path = optical_flow.hpp; sourceTree = "<group>"; };
		89FF056E17D2591A0086CCFD /* superres.hpp */ = {isa = PBXFileReference; fileEncoding = 4; lastKnownFileType = sourcecode.cpp.h; path = superres.hpp; sourceTree = "<group>"; };
		89FF057017D2591A0086CCFD /* gpu_perf.hpp */ = {isa = PBXFileReference; fileEncoding = 4; lastKnownFileType = sourcecode.cpp.h; path = gpu_perf.hpp; sourceTree = "<group>"; };
		89FF057117D2591A0086CCFD /* gpu_test.hpp */ = {isa = PBXFileReference; fileEncoding = 4; lastKnownFileType = sourcecode.cpp.h; path = gpu_test.hpp; sourceTree = "<group>"; };
		89FF057217D2591A0086CCFD /* ts.hpp */ = {isa = PBXFileReference; fileEncoding = 4; lastKnownFileType = sourcecode.cpp.h; path = ts.hpp; sourceTree = "<group>"; };
		89FF057317D2591A0086CCFD /* ts_gtest.h */ = {isa = PBXFileReference; fileEncoding = 4; lastKnownFileType = sourcecode.c.h; path = ts_gtest.h; sourceTree = "<group>"; };
		89FF057417D2591A0086CCFD /* ts_perf.hpp */ = {isa = PBXFileReference; fileEncoding = 4; lastKnownFileType = sourcecode.cpp.h; path = ts_perf.hpp; sourceTree = "<group>"; };
		89FF057617D2591A0086CCFD /* background_segm.hpp */ = {isa = PBXFileReference; fileEncoding = 4; lastKnownFileType = sourcecode.cpp.h; path = background_segm.hpp; sourceTree = "<group>"; };
		89FF057717D2591A0086CCFD /* tracking.hpp */ = {isa = PBXFileReference; fileEncoding = 4; lastKnownFileType = sourcecode.cpp.h; path = tracking.hpp; sourceTree = "<group>"; };
		89FF057817D2591A0086CCFD /* video.hpp */ = {isa = PBXFileReference; fileEncoding = 4; lastKnownFileType = sourcecode.cpp.h; path = video.hpp; sourceTree = "<group>"; };
		89FF057A17D2591A0086CCFD /* deblurring.hpp */ = {isa = PBXFileReference; fileEncoding = 4; lastKnownFileType = sourcecode.cpp.h; path = deblurring.hpp; sourceTree = "<group>"; };
		89FF057B17D2591A0086CCFD /* fast_marching.hpp */ = {isa = PBXFileReference; fileEncoding = 4; lastKnownFileType = sourcecode.cpp.h; path = fast_marching.hpp; sourceTree = "<group>"; };
		89FF057C17D2591A0086CCFD /* fast_marching_inl.hpp */ = {isa = PBXFileReference; fileEncoding = 4; lastKnownFileType = sourcecode.cpp.h; path = fast_marching_inl.hpp; sourceTree = "<group>"; };
		89FF057D17D2591A0086CCFD /* frame_source.hpp */ = {isa = PBXFileReference; fileEncoding = 4; lastKnownFileType = sourcecode.cpp.h; path = frame_source.hpp; sourceTree = "<group>"; };
		89FF057E17D2591A0086CCFD /* global_motion.hpp */ = {isa = PBXFileReference; fileEncoding = 4; lastKnownFileType = sourcecode.cpp.h; path = global_motion.hpp; sourceTree = "<group>"; };
		89FF057F17D2591A0086CCFD /* inpainting.hpp */ = {isa = PBXFileReference; fileEncoding = 4; lastKnownFileType = sourcecode.cpp.h; path = inpainting.hpp; sourceTree = "<group>"; };
		89FF058017D2591A0086CCFD /* log.hpp */ = {isa = PBXFileReference; fileEncoding = 4; lastKnownFileType = sourcecode.cpp.h; path = log.hpp; sourceTree = "<group>"; };
		89FF058117D2591A0086CCFD /* motion_stabilizing.hpp */ = {isa = PBXFileReference; fileEncoding = 4; lastKnownFileType = sourcecode.cpp.h; path = motion_stabilizing.hpp; sourceTree = "<group>"; };
		89FF058217D2591A0086CCFD /* optical_flow.hpp */ = {isa = PBXFileReference; fileEncoding = 4; lastKnownFileType = sourcecode.cpp.h; path = optical_flow.hpp; sourceTree = "<group>"; };
		89FF058317D2591A0086CCFD /* stabilizer.hpp */ = {isa = PBXFileReference; fileEncoding = 4; lastKnownFileType = sourcecode.cpp.h; path = stabilizer.hpp; sourceTree = "<group>"; };
		89FF058417D2591A0086CCFD /* videostab.hpp */ = {isa = PBXFileReference; fileEncoding = 4; lastKnownFileType = sourcecode.cpp.h; path = videostab.hpp; sourceTree = "<group>"; };
		89FF058617D2591A0086CCFD /* libopencv_calib3d.a */ = {isa = PBXFileReference; lastKnownFileType = archive.ar; path = libopencv_calib3d.a; sourceTree = "<group>"; };
		89FF058717D2591A0086CCFD /* libopencv_contrib.a */ = {isa = PBXFileReference; lastKnownFileType = archive.ar; path = libopencv_contrib.a; sourceTree = "<group>"; };
		89FF058817D2591A0086CCFD /* libopencv_core.a */ = {isa = PBXFileReference; lastKnownFileType = archive.ar; path = libopencv_core.a; sourceTree = "<group>"; };
		89FF058917D2591A0086CCFD /* libopencv_features2d.a */ = {isa = PBXFileReference; lastKnownFileType = archive.ar; path = libopencv_features2d.a; sourceTree = "<group>"; };
		89FF058A17D2591A0086CCFD /* libopencv_flann.a */ = {isa = PBXFileReference; lastKnownFileType = archive.ar; path = libopencv_flann.a; sourceTree = "<group>"; };
		89FF058B17D2591A0086CCFD /* libopencv_highgui.a */ = {isa = PBXFileReference; lastKnownFileType = archive.ar; path = libopencv_highgui.a; sourceTree = "<group>"; };
		89FF058C17D2591A0086CCFD /* libopencv_imgproc.a */ = {isa = PBXFileReference; lastKnownFileType = archive.ar; path = libopencv_imgproc.a; sourceTree = "<group>"; };
		89FF058D17D2591A0086CCFD /* libopencv_legacy.a */ = {isa = PBXFileReference; lastKnownFileType = archive.ar; path = libopencv_legacy.a; sourceTree = "<group>"; };
		89FF058E17D2591A0086CCFD /* libopencv_ml.a */ = {isa = PBXFileReference; lastKnownFileType = archive.ar; path = libopencv_ml.a; sourceTree = "<group>"; };
		89FF058F17D2591A0086CCFD /* libopencv_nonfree.a */ = {isa = PBXFileReference; lastKnownFileType = archive.ar; path = libopencv_nonfree.a; sourceTree = "<group>"; };
		89FF059017D2591A0086CCFD /* libopencv_objdetect.a */ = {isa = PBXFileReference; lastKnownFileType = archive.ar; path = libopencv_objdetect.a; sourceTree = "<group>"; };
		89FF059117D2591A0086CCFD /* libopencv_photo.a */ = {isa = PBXFileReference; lastKnownFileType = archive.ar; path = libopencv_photo.a; sourceTree = "<group>"; };
		89FF059217D2591A0086CCFD /* libopencv_stitching.a */ = {isa = PBXFileReference; lastKnownFileType = archive.ar; path = libopencv_stitching.a; sourceTree = "<group>"; };
		89FF059317D2591A0086CCFD /* libopencv_superres.a */ = {isa = PBXFileReference; lastKnownFileType = archive.ar; path = libopencv_superres.a; sourceTree = "<group>"; };
		89FF059417D2591A0086CCFD /* libopencv_ts.a */ = {isa = PBXFileReference; lastKnownFileType = archive.ar; path = libopencv_ts.a; sourceTree = "<group>"; };
		89FF059517D2591A0086CCFD /* libopencv_video.a */ = {isa = PBXFileReference; lastKnownFileType = archive.ar; path = libopencv_video.a; sourceTree = "<group>"; };
		89FF059617D2591A0086CCFD /* libopencv_videostab.a */ = {isa = PBXFileReference; lastKnownFileType = archive.ar; path = libopencv_videostab.a; sourceTree = "<group>"; };
		89FF059817D2591A0086CCFD /* opencv.pc */ = {isa = PBXFileReference; fileEncoding = 4; lastKnownFileType = text; path = opencv.pc; sourceTree = "<group>"; };
		89FF059B17D2591A0086CCFD /* cv.py */ = {isa = PBXFileReference; fileEncoding = 4; lastKnownFileType = text.script.python; path = cv.py; sourceTree = "<group>"; };
		89FF059C17D2591A0086CCFD /* cv2.so */ = {isa = PBXFileReference; lastKnownFileType = "compiled.mach-o.dylib"; path = cv2.so; sourceTree = "<group>"; };
		89FF059E17D2591A0086CCFD /* ofxCvBlob.h */ = {isa = PBXFileReference; fileEncoding = 4; lastKnownFileType = sourcecode.c.h; path = ofxCvBlob.h; sourceTree = "<group>"; };
		89FF059F17D2591A0086CCFD /* ofxCvColorImage.cpp */ = {isa = PBXFileReference; fileEncoding = 4; lastKnownFileType = sourcecode.cpp.cpp; path = ofxCvColorImage.cpp; sourceTree = "<group>"; };
		89FF05A017D2591A0086CCFD /* ofxCvColorImage.h */ = {isa = PBXFileReference; fileEncoding = 4; lastKnownFileType = sourcecode.c.h; path = ofxCvColorImage.h; sourceTree = "<group>"; };
		89FF05A117D2591A0086CCFD /* ofxCvConstants.h */ = {isa = PBXFileReference; fileEncoding = 4; lastKnownFileType = sourcecode.c.h; path = ofxCvConstants.h; sourceTree = "<group>"; };
		89FF05A217D2591A0086CCFD /* ofxCvContourFinder.cpp */ = {isa = PBXFileReference; fileEncoding = 4; lastKnownFileType = sourcecode.cpp.cpp; path = ofxCvContourFinder.cpp; sourceTree = "<group>"; };
		89FF05A317D2591A0086CCFD /* ofxCvContourFinder.h */ = {isa = PBXFileReference; fileEncoding = 4; lastKnownFileType = sourcecode.c.h; path = ofxCvContourFinder.h; sourceTree = "<group>"; };
		89FF05A417D2591A0086CCFD /* ofxCvFloatImage.cpp */ = {isa = PBXFileReference; fileEncoding = 4; lastKnownFileType = sourcecode.cpp.cpp; path = ofxCvFloatImage.cpp; sourceTree = "<group>"; };
		89FF05A517D2591A0086CCFD /* ofxCvFloatImage.h */ = {isa = PBXFileReference; fileEncoding = 4; lastKnownFileType = sourcecode.c.h; path = ofxCvFloatImage.h; sourceTree = "<group>"; };
		89FF05A617D2591A0086CCFD /* ofxCvGrayscaleImage.cpp */ = {isa = PBXFileReference; fileEncoding = 4; lastKnownFileType = sourcecode.cpp.cpp; path = ofxCvGrayscaleImage.cpp; sourceTree = "<group>"; };
		89FF05A717D2591A0086CCFD /* ofxCvGrayscaleImage.h */ = {isa = PBXFileReference; fileEncoding = 4; lastKnownFileType = sourcecode.c.h; path = ofxCvGrayscaleImage.h; sourceTree = "<group>"; };
		89FF05A817D2591A0086CCFD /* ofxCvHaarFinder.cpp */ = {isa = PBXFileReference; fileEncoding = 4; lastKnownFileType = sourcecode.cpp.cpp; path = ofxCvHaarFinder.cpp; sourceTree = "<group>"; };
		89FF05A917D2591A0086CCFD /* ofxCvHaarFinder.h */ = {isa = PBXFileReference; fileEncoding = 4; lastKnownFileType = sourcecode.c.h; path = ofxCvHaarFinder.h; sourceTree = "<group>"; };
		89FF05AA17D2591A0086CCFD /* ofxCvImage.cpp */ = {isa = PBXFileReference; fileEncoding = 4; lastKnownFileType = sourcecode.cpp.cpp; path = ofxCvImage.cpp; sourceTree = "<group>"; };
		89FF05AB17D2591A0086CCFD /* ofxCvImage.h */ = {isa = PBXFileReference; fileEncoding = 4; lastKnownFileType = sourcecode.c.h; path = ofxCvImage.h; sourceTree = "<group>"; };
		89FF05AC17D2591A0086CCFD /* ofxCvMain.h */ = {isa = PBXFileReference; fileEncoding = 4; lastKnownFileType = sourcecode.c.h; path = ofxCvMain.h; sourceTree = "<group>"; };
		89FF05AD17D2591A0086CCFD /* ofxCvShortImage.cpp */ = {isa = PBXFileReference; fileEncoding = 4; lastKnownFileType = sourcecode.cpp.cpp; path = ofxCvShortImage.cpp; sourceTree = "<group>"; };
		89FF05AE17D2591A0086CCFD /* ofxCvShortImage.h */ = {isa = PBXFileReference; fileEncoding = 4; lastKnownFileType = sourcecode.c.h; path = ofxCvShortImage.h; sourceTree = "<group>"; };
		89FF05AF17D2591A0086CCFD /* ofxOpenCv.h */ = {isa = PBXFileReference; fileEncoding = 4; lastKnownFileType = sourcecode.c.h; path = ofxOpenCv.h; sourceTree = "<group>"; };
		89FF05C917D25A830086CCFD /* libz.dylib */ = {isa = PBXFileReference; lastKnownFileType = "compiled.mach-o.dylib"; name = libz.dylib; path = usr/lib/libz.dylib; sourceTree = SDKROOT; };
		BBAB23BE13894E4700AA2426 /* GLUT.framework */ = {isa = PBXFileReference; lastKnownFileType = wrapper.framework; name = GLUT.framework; path = ../../../libs/glut/lib/osx/GLUT.framework; sourceTree = "<group>"; };
		E4328143138ABC890047C5CB /* openFrameworksLib.xcodeproj */ = {isa = PBXFileReference; lastKnownFileType = "wrapper.pb-project"; name = openFrameworksLib.xcodeproj; path = ../../../libs/openFrameworksCompiled/project/osx/openFrameworksLib.xcodeproj; sourceTree = SOURCE_ROOT; };
		E45BE9710E8CC7DD009D7055 /* AGL.framework */ = {isa = PBXFileReference; lastKnownFileType = wrapper.framework; name = AGL.framework; path = /System/Library/Frameworks/AGL.framework; sourceTree = "<absolute>"; };
		E45BE9720E8CC7DD009D7055 /* ApplicationServices.framework */ = {isa = PBXFileReference; lastKnownFileType = wrapper.framework; name = ApplicationServices.framework; path = /System/Library/Frameworks/ApplicationServices.framework; sourceTree = "<absolute>"; };
		E45BE9730E8CC7DD009D7055 /* AudioToolbox.framework */ = {isa = PBXFileReference; lastKnownFileType = wrapper.framework; name = AudioToolbox.framework; path = /System/Library/Frameworks/AudioToolbox.framework; sourceTree = "<absolute>"; };
		E45BE9740E8CC7DD009D7055 /* Carbon.framework */ = {isa = PBXFileReference; lastKnownFileType = wrapper.framework; name = Carbon.framework; path = /System/Library/Frameworks/Carbon.framework; sourceTree = "<absolute>"; };
		E45BE9750E8CC7DD009D7055 /* CoreAudio.framework */ = {isa = PBXFileReference; lastKnownFileType = wrapper.framework; name = CoreAudio.framework; path = /System/Library/Frameworks/CoreAudio.framework; sourceTree = "<absolute>"; };
		E45BE9760E8CC7DD009D7055 /* CoreFoundation.framework */ = {isa = PBXFileReference; lastKnownFileType = wrapper.framework; name = CoreFoundation.framework; path = /System/Library/Frameworks/CoreFoundation.framework; sourceTree = "<absolute>"; };
		E45BE9770E8CC7DD009D7055 /* CoreServices.framework */ = {isa = PBXFileReference; lastKnownFileType = wrapper.framework; name = CoreServices.framework; path = /System/Library/Frameworks/CoreServices.framework; sourceTree = "<absolute>"; };
		E45BE9790E8CC7DD009D7055 /* OpenGL.framework */ = {isa = PBXFileReference; lastKnownFileType = wrapper.framework; name = OpenGL.framework; path = /System/Library/Frameworks/OpenGL.framework; sourceTree = "<absolute>"; };
		E45BE97A0E8CC7DD009D7055 /* QuickTime.framework */ = {isa = PBXFileReference; lastKnownFileType = wrapper.framework; name = QuickTime.framework; path = /System/Library/Frameworks/QuickTime.framework; sourceTree = "<absolute>"; };
		E4B69B5B0A3A1756003C02F2 /* emptyExampleDebug.app */ = {isa = PBXFileReference; explicitFileType = wrapper.application; includeInIndex = 0; path = emptyExampleDebug.app; sourceTree = BUILT_PRODUCTS_DIR; };
		E4B69E1D0A3A1BDC003C02F2 /* main.cpp */ = {isa = PBXFileReference; fileEncoding = 30; lastKnownFileType = sourcecode.cpp.cpp; name = main.cpp; path = src/main.cpp; sourceTree = SOURCE_ROOT; };
		E4B69E1E0A3A1BDC003C02F2 /* testApp.cpp */ = {isa = PBXFileReference; explicitFileType = sourcecode.cpp.cpp; fileEncoding = 30; name = testApp.cpp; path = src/testApp.cpp; sourceTree = SOURCE_ROOT; };
		E4B69E1F0A3A1BDC003C02F2 /* testApp.h */ = {isa = PBXFileReference; fileEncoding = 30; lastKnownFileType = sourcecode.c.h; name = testApp.h; path = src/testApp.h; sourceTree = SOURCE_ROOT; };
		E4B6FCAD0C3E899E008CF71C /* openFrameworks-Info.plist */ = {isa = PBXFileReference; fileEncoding = 30; lastKnownFileType = text.plist.xml; path = "openFrameworks-Info.plist"; sourceTree = "<group>"; };
		E4C2424410CC5A17004149E2 /* AppKit.framework */ = {isa = PBXFileReference; lastKnownFileType = wrapper.framework; name = AppKit.framework; path = /System/Library/Frameworks/AppKit.framework; sourceTree = "<absolute>"; };
		E4C2424510CC5A17004149E2 /* Cocoa.framework */ = {isa = PBXFileReference; lastKnownFileType = wrapper.framework; name = Cocoa.framework; path = /System/Library/Frameworks/Cocoa.framework; sourceTree = "<absolute>"; };
		E4C2424610CC5A17004149E2 /* IOKit.framework */ = {isa = PBXFileReference; lastKnownFileType = wrapper.framework; name = IOKit.framework; path = /System/Library/Frameworks/IOKit.framework; sourceTree = "<absolute>"; };
		E4EB691F138AFCF100A09F29 /* CoreOF.xcconfig */ = {isa = PBXFileReference; fileEncoding = 4; lastKnownFileType = text.xcconfig; name = CoreOF.xcconfig; path = ../../../libs/openFrameworksCompiled/project/osx/CoreOF.xcconfig; sourceTree = SOURCE_ROOT; };
		E4EB6923138AFD0F00A09F29 /* Project.xcconfig */ = {isa = PBXFileReference; fileEncoding = 4; lastKnownFileType = text.xcconfig; path = Project.xcconfig; sourceTree = "<group>"; };
		E7E077E415D3B63C0020DFD4 /* CoreVideo.framework */ = {isa = PBXFileReference; lastKnownFileType = wrapper.framework; name = CoreVideo.framework; path = /System/Library/Frameworks/CoreVideo.framework; sourceTree = "<absolute>"; };
		E7E077E715D3B6510020DFD4 /* QTKit.framework */ = {isa = PBXFileReference; lastKnownFileType = wrapper.framework; name = QTKit.framework; path = /System/Library/Frameworks/QTKit.framework; sourceTree = "<absolute>"; };
		E7F985F515E0DE99003869B5 /* Accelerate.framework */ = {isa = PBXFileReference; lastKnownFileType = wrapper.framework; name = Accelerate.framework; path = /System/Library/Frameworks/Accelerate.framework; sourceTree = "<absolute>"; };
/* End PBXFileReference section */

/* Begin PBXFrameworksBuildPhase section */
		E4B69B590A3A1756003C02F2 /* Frameworks */ = {
			isa = PBXFrameworksBuildPhase;
			buildActionMask = 2147483647;
			files = (
				89FF05CA17D25A830086CCFD /* libz.dylib in Frameworks */,
				E7F985F815E0DEA3003869B5 /* Accelerate.framework in Frameworks */,
				E7E077E815D3B6510020DFD4 /* QTKit.framework in Frameworks */,
				E4EB6799138ADC1D00A09F29 /* GLUT.framework in Frameworks */,
				E4328149138ABC9F0047C5CB /* openFrameworksDebug.a in Frameworks */,
				E45BE97B0E8CC7DD009D7055 /* AGL.framework in Frameworks */,
				E45BE97C0E8CC7DD009D7055 /* ApplicationServices.framework in Frameworks */,
				E45BE97D0E8CC7DD009D7055 /* AudioToolbox.framework in Frameworks */,
				E45BE97E0E8CC7DD009D7055 /* Carbon.framework in Frameworks */,
				E45BE97F0E8CC7DD009D7055 /* CoreAudio.framework in Frameworks */,
				E45BE9800E8CC7DD009D7055 /* CoreFoundation.framework in Frameworks */,
				E45BE9810E8CC7DD009D7055 /* CoreServices.framework in Frameworks */,
				E45BE9830E8CC7DD009D7055 /* OpenGL.framework in Frameworks */,
				E45BE9840E8CC7DD009D7055 /* QuickTime.framework in Frameworks */,
				E4C2424710CC5A17004149E2 /* AppKit.framework in Frameworks */,
				E4C2424810CC5A17004149E2 /* Cocoa.framework in Frameworks */,
				E4C2424910CC5A17004149E2 /* IOKit.framework in Frameworks */,
				E7E077E515D3B63C0020DFD4 /* CoreVideo.framework in Frameworks */,
				89FF05B017D2591A0086CCFD /* libopencv_calib3d.a in Frameworks */,
				89FF05B117D2591A0086CCFD /* libopencv_contrib.a in Frameworks */,
				89FF05B217D2591A0086CCFD /* libopencv_core.a in Frameworks */,
				89FF05B317D2591A0086CCFD /* libopencv_features2d.a in Frameworks */,
				89FF05B417D2591A0086CCFD /* libopencv_flann.a in Frameworks */,
				89FF05B517D2591A0086CCFD /* libopencv_highgui.a in Frameworks */,
				89FF05B617D2591A0086CCFD /* libopencv_imgproc.a in Frameworks */,
				89FF05B717D2591A0086CCFD /* libopencv_legacy.a in Frameworks */,
				89FF05B817D2591A0086CCFD /* libopencv_ml.a in Frameworks */,
				89FF05B917D2591A0086CCFD /* libopencv_nonfree.a in Frameworks */,
				89FF05BA17D2591A0086CCFD /* libopencv_objdetect.a in Frameworks */,
				89FF05BB17D2591A0086CCFD /* libopencv_photo.a in Frameworks */,
				89FF05BC17D2591A0086CCFD /* libopencv_stitching.a in Frameworks */,
				89FF05BD17D2591A0086CCFD /* libopencv_superres.a in Frameworks */,
				89FF05BE17D2591A0086CCFD /* libopencv_ts.a in Frameworks */,
				89FF05BF17D2591A0086CCFD /* libopencv_video.a in Frameworks */,
				89FF05C017D2591A0086CCFD /* libopencv_videostab.a in Frameworks */,
			);
			runOnlyForDeploymentPostprocessing = 0;
		};
/* End PBXFrameworksBuildPhase section */

/* Begin PBXGroup section */
		89FF04F117D2591A0086CCFD /* ofxOpenCv2461 */ = {
			isa = PBXGroup;
			children = (
				89FF04F217D2591A0086CCFD /* install.xml */,
				89FF04F317D2591A0086CCFD /* libs */,
				89FF059D17D2591A0086CCFD /* src */,
			);
			name = ofxOpenCv2461;
			path = ../../../addons/ofxOpenCv2461;
			sourceTree = "<group>";
		};
		89FF04F317D2591A0086CCFD /* libs */ = {
			isa = PBXGroup;
			children = (
				89FF04F417D2591A0086CCFD /* opencv */,
			);
			path = libs;
			sourceTree = "<group>";
		};
		89FF04F417D2591A0086CCFD /* opencv */ = {
			isa = PBXGroup;
			children = (
				89FF04F517D2591A0086CCFD /* include */,
				89FF058517D2591A0086CCFD /* lib */,
			);
			path = opencv;
			sourceTree = "<group>";
		};
		89FF04F517D2591A0086CCFD /* include */ = {
			isa = PBXGroup;
			children = (
				89FF04F617D2591A0086CCFD /* opencv */,
				89FF050217D2591A0086CCFD /* opencv2 */,
			);
			path = include;
			sourceTree = "<group>";
		};
		89FF04F617D2591A0086CCFD /* opencv */ = {
			isa = PBXGroup;
			children = (
				89FF04F717D2591A0086CCFD /* cv.h */,
				89FF04F817D2591A0086CCFD /* cv.hpp */,
				89FF04F917D2591A0086CCFD /* cvaux.h */,
				89FF04FA17D2591A0086CCFD /* cvaux.hpp */,
				89FF04FB17D2591A0086CCFD /* cvwimage.h */,
				89FF04FC17D2591A0086CCFD /* cxcore.h */,
				89FF04FD17D2591A0086CCFD /* cxcore.hpp */,
				89FF04FE17D2591A0086CCFD /* cxeigen.hpp */,
				89FF04FF17D2591A0086CCFD /* cxmisc.h */,
				89FF050017D2591A0086CCFD /* highgui.h */,
				89FF050117D2591A0086CCFD /* ml.h */,
			);
			path = opencv;
			sourceTree = "<group>";
		};
		89FF050217D2591A0086CCFD /* opencv2 */ = {
			isa = PBXGroup;
			children = (
				89FF050317D2591A0086CCFD /* calib3d */,
				89FF050517D2591A0086CCFD /* contrib */,
				89FF050B17D2591A0086CCFD /* core */,
				89FF051A17D2591A0086CCFD /* features2d */,
				89FF051C17D2591A0086CCFD /* flann */,
				89FF054117D2591A0086CCFD /* highgui */,
				89FF054617D2591A0086CCFD /* imgproc */,
				89FF054A17D2591A0086CCFD /* legacy */,
				89FF054F17D2591A0086CCFD /* ml */,
				89FF055117D2591A0086CCFD /* nonfree */,
				89FF055617D2591A0086CCFD /* objdetect */,
				89FF055817D2591A0086CCFD /* opencv.hpp */,
				89FF055917D2591A0086CCFD /* opencv_modules.hpp */,
				89FF055A17D2591A0086CCFD /* photo */,
				89FF055D17D2591A0086CCFD /* stitching */,
				89FF056C17D2591A0086CCFD /* superres */,
				89FF056F17D2591A0086CCFD /* ts */,
				89FF057517D2591A0086CCFD /* video */,
				89FF057917D2591A0086CCFD /* videostab */,
			);
			path = opencv2;
			sourceTree = "<group>";
		};
		89FF050317D2591A0086CCFD /* calib3d */ = {
			isa = PBXGroup;
			children = (
				89FF050417D2591A0086CCFD /* calib3d.hpp */,
			);
			path = calib3d;
			sourceTree = "<group>";
		};
		89FF050517D2591A0086CCFD /* contrib */ = {
			isa = PBXGroup;
			children = (
				89FF050617D2591A0086CCFD /* contrib.hpp */,
				89FF050717D2591A0086CCFD /* detection_based_tracker.hpp */,
				89FF050817D2591A0086CCFD /* hybridtracker.hpp */,
				89FF050917D2591A0086CCFD /* openfabmap.hpp */,
				89FF050A17D2591A0086CCFD /* retina.hpp */,
			);
			path = contrib;
			sourceTree = "<group>";
		};
		89FF050B17D2591A0086CCFD /* core */ = {
			isa = PBXGroup;
			children = (
				89FF050C17D2591A0086CCFD /* core.hpp */,
				89FF050D17D2591A0086CCFD /* core_c.h */,
				89FF050E17D2591A0086CCFD /* cuda_devptrs.hpp */,
				89FF050F17D2591A0086CCFD /* devmem2d.hpp */,
				89FF051017D2591A0086CCFD /* eigen.hpp */,
				89FF051117D2591A0086CCFD /* gpumat.hpp */,
				89FF051217D2591A0086CCFD /* internal.hpp */,
				89FF051317D2591A0086CCFD /* mat.hpp */,
				89FF051417D2591A0086CCFD /* opengl_interop.hpp */,
				89FF051517D2591A0086CCFD /* opengl_interop_deprecated.hpp */,
				89FF051617D2591A0086CCFD /* operations.hpp */,
				89FF051717D2591A0086CCFD /* types_c.h */,
				89FF051817D2591A0086CCFD /* version.hpp */,
				89FF051917D2591A0086CCFD /* wimage.hpp */,
			);
			path = core;
			sourceTree = "<group>";
		};
		89FF051A17D2591A0086CCFD /* features2d */ = {
			isa = PBXGroup;
			children = (
				89FF051B17D2591A0086CCFD /* features2d.hpp */,
			);
			path = features2d;
			sourceTree = "<group>";
		};
		89FF051C17D2591A0086CCFD /* flann */ = {
			isa = PBXGroup;
			children = (
				89FF051D17D2591A0086CCFD /* all_indices.h */,
				89FF051E17D2591A0086CCFD /* allocator.h */,
				89FF051F17D2591A0086CCFD /* any.h */,
				89FF052017D2591A0086CCFD /* autotuned_index.h */,
				89FF052117D2591A0086CCFD /* composite_index.h */,
				89FF052217D2591A0086CCFD /* config.h */,
				89FF052317D2591A0086CCFD /* defines.h */,
				89FF052417D2591A0086CCFD /* dist.h */,
				89FF052517D2591A0086CCFD /* dummy.h */,
				89FF052617D2591A0086CCFD /* dynamic_bitset.h */,
				89FF052717D2591A0086CCFD /* flann.hpp */,
				89FF052817D2591A0086CCFD /* flann_base.hpp */,
				89FF052917D2591A0086CCFD /* general.h */,
				89FF052A17D2591A0086CCFD /* ground_truth.h */,
				89FF052B17D2591A0086CCFD /* hdf5.h */,
				89FF052C17D2591A0086CCFD /* heap.h */,
				89FF052D17D2591A0086CCFD /* hierarchical_clustering_index.h */,
				89FF052E17D2591A0086CCFD /* index_testing.h */,
				89FF052F17D2591A0086CCFD /* kdtree_index.h */,
				89FF053017D2591A0086CCFD /* kdtree_single_index.h */,
				89FF053117D2591A0086CCFD /* kmeans_index.h */,
				89FF053217D2591A0086CCFD /* linear_index.h */,
				89FF053317D2591A0086CCFD /* logger.h */,
				89FF053417D2591A0086CCFD /* lsh_index.h */,
				89FF053517D2591A0086CCFD /* lsh_table.h */,
				89FF053617D2591A0086CCFD /* matrix.h */,
				89FF053717D2591A0086CCFD /* miniflann.hpp */,
				89FF053817D2591A0086CCFD /* nn_index.h */,
				89FF053917D2591A0086CCFD /* object_factory.h */,
				89FF053A17D2591A0086CCFD /* params.h */,
				89FF053B17D2591A0086CCFD /* random.h */,
				89FF053C17D2591A0086CCFD /* result_set.h */,
				89FF053D17D2591A0086CCFD /* sampling.h */,
				89FF053E17D2591A0086CCFD /* saving.h */,
				89FF053F17D2591A0086CCFD /* simplex_downhill.h */,
				89FF054017D2591A0086CCFD /* timer.h */,
			);
			path = flann;
			sourceTree = "<group>";
		};
		89FF054117D2591A0086CCFD /* highgui */ = {
			isa = PBXGroup;
			children = (
				89FF054217D2591A0086CCFD /* cap_ios.h */,
				89FF054317D2591A0086CCFD /* highgui.hpp */,
				89FF054417D2591A0086CCFD /* highgui_c.h */,
				89FF054517D2591A0086CCFD /* ios.h */,
			);
			path = highgui;
			sourceTree = "<group>";
		};
		89FF054617D2591A0086CCFD /* imgproc */ = {
			isa = PBXGroup;
			children = (
				89FF054717D2591A0086CCFD /* imgproc.hpp */,
				89FF054817D2591A0086CCFD /* imgproc_c.h */,
				89FF054917D2591A0086CCFD /* types_c.h */,
			);
			path = imgproc;
			sourceTree = "<group>";
		};
		89FF054A17D2591A0086CCFD /* legacy */ = {
			isa = PBXGroup;
			children = (
				89FF054B17D2591A0086CCFD /* blobtrack.hpp */,
				89FF054C17D2591A0086CCFD /* compat.hpp */,
				89FF054D17D2591A0086CCFD /* legacy.hpp */,
				89FF054E17D2591A0086CCFD /* streams.hpp */,
			);
			path = legacy;
			sourceTree = "<group>";
		};
		89FF054F17D2591A0086CCFD /* ml */ = {
			isa = PBXGroup;
			children = (
				89FF055017D2591A0086CCFD /* ml.hpp */,
			);
			path = ml;
			sourceTree = "<group>";
		};
		89FF055117D2591A0086CCFD /* nonfree */ = {
			isa = PBXGroup;
			children = (
				89FF055217D2591A0086CCFD /* features2d.hpp */,
				89FF055317D2591A0086CCFD /* gpu.hpp */,
				89FF055417D2591A0086CCFD /* nonfree.hpp */,
				89FF055517D2591A0086CCFD /* ocl.hpp */,
			);
			path = nonfree;
			sourceTree = "<group>";
		};
		89FF055617D2591A0086CCFD /* objdetect */ = {
			isa = PBXGroup;
			children = (
				89FF055717D2591A0086CCFD /* objdetect.hpp */,
			);
			path = objdetect;
			sourceTree = "<group>";
		};
		89FF055A17D2591A0086CCFD /* photo */ = {
			isa = PBXGroup;
			children = (
				89FF055B17D2591A0086CCFD /* photo.hpp */,
				89FF055C17D2591A0086CCFD /* photo_c.h */,
			);
			path = photo;
			sourceTree = "<group>";
		};
		89FF055D17D2591A0086CCFD /* stitching */ = {
			isa = PBXGroup;
			children = (
				89FF055E17D2591A0086CCFD /* detail */,
				89FF056A17D2591A0086CCFD /* stitcher.hpp */,
				89FF056B17D2591A0086CCFD /* warpers.hpp */,
			);
			path = stitching;
			sourceTree = "<group>";
		};
		89FF055E17D2591A0086CCFD /* detail */ = {
			isa = PBXGroup;
			children = (
				89FF055F17D2591A0086CCFD /* autocalib.hpp */,
				89FF056017D2591A0086CCFD /* blenders.hpp */,
				89FF056117D2591A0086CCFD /* camera.hpp */,
				89FF056217D2591A0086CCFD /* exposure_compensate.hpp */,
				89FF056317D2591A0086CCFD /* matchers.hpp */,
				89FF056417D2591A0086CCFD /* motion_estimators.hpp */,
				89FF056517D2591A0086CCFD /* seam_finders.hpp */,
				89FF056617D2591A0086CCFD /* util.hpp */,
				89FF056717D2591A0086CCFD /* util_inl.hpp */,
				89FF056817D2591A0086CCFD /* warpers.hpp */,
				89FF056917D2591A0086CCFD /* warpers_inl.hpp */,
			);
			path = detail;
			sourceTree = "<group>";
		};
		89FF056C17D2591A0086CCFD /* superres */ = {
			isa = PBXGroup;
			children = (
				89FF056D17D2591A0086CCFD /* optical_flow.hpp */,
				89FF056E17D2591A0086CCFD /* superres.hpp */,
			);
			path = superres;
			sourceTree = "<group>";
		};
		89FF056F17D2591A0086CCFD /* ts */ = {
			isa = PBXGroup;
			children = (
				89FF057017D2591A0086CCFD /* gpu_perf.hpp */,
				89FF057117D2591A0086CCFD /* gpu_test.hpp */,
				89FF057217D2591A0086CCFD /* ts.hpp */,
				89FF057317D2591A0086CCFD /* ts_gtest.h */,
				89FF057417D2591A0086CCFD /* ts_perf.hpp */,
			);
			path = ts;
			sourceTree = "<group>";
		};
		89FF057517D2591A0086CCFD /* video */ = {
			isa = PBXGroup;
			children = (
				89FF057617D2591A0086CCFD /* background_segm.hpp */,
				89FF057717D2591A0086CCFD /* tracking.hpp */,
				89FF057817D2591A0086CCFD /* video.hpp */,
			);
			path = video;
			sourceTree = "<group>";
		};
		89FF057917D2591A0086CCFD /* videostab */ = {
			isa = PBXGroup;
			children = (
				89FF057A17D2591A0086CCFD /* deblurring.hpp */,
				89FF057B17D2591A0086CCFD /* fast_marching.hpp */,
				89FF057C17D2591A0086CCFD /* fast_marching_inl.hpp */,
				89FF057D17D2591A0086CCFD /* frame_source.hpp */,
				89FF057E17D2591A0086CCFD /* global_motion.hpp */,
				89FF057F17D2591A0086CCFD /* inpainting.hpp */,
				89FF058017D2591A0086CCFD /* log.hpp */,
				89FF058117D2591A0086CCFD /* motion_stabilizing.hpp */,
				89FF058217D2591A0086CCFD /* optical_flow.hpp */,
				89FF058317D2591A0086CCFD /* stabilizer.hpp */,
				89FF058417D2591A0086CCFD /* videostab.hpp */,
			);
			path = videostab;
			sourceTree = "<group>";
		};
		89FF058517D2591A0086CCFD /* lib */ = {
			isa = PBXGroup;
			children = (
				89FF058617D2591A0086CCFD /* libopencv_calib3d.a */,
				89FF058717D2591A0086CCFD /* libopencv_contrib.a */,
				89FF058817D2591A0086CCFD /* libopencv_core.a */,
				89FF058917D2591A0086CCFD /* libopencv_features2d.a */,
				89FF058A17D2591A0086CCFD /* libopencv_flann.a */,
				89FF058B17D2591A0086CCFD /* libopencv_highgui.a */,
				89FF058C17D2591A0086CCFD /* libopencv_imgproc.a */,
				89FF058D17D2591A0086CCFD /* libopencv_legacy.a */,
				89FF058E17D2591A0086CCFD /* libopencv_ml.a */,
				89FF058F17D2591A0086CCFD /* libopencv_nonfree.a */,
				89FF059017D2591A0086CCFD /* libopencv_objdetect.a */,
				89FF059117D2591A0086CCFD /* libopencv_photo.a */,
				89FF059217D2591A0086CCFD /* libopencv_stitching.a */,
				89FF059317D2591A0086CCFD /* libopencv_superres.a */,
				89FF059417D2591A0086CCFD /* libopencv_ts.a */,
				89FF059517D2591A0086CCFD /* libopencv_video.a */,
				89FF059617D2591A0086CCFD /* libopencv_videostab.a */,
				89FF059717D2591A0086CCFD /* pkgconfig */,
				89FF059917D2591A0086CCFD /* python2.7 */,
			);
			path = lib;
			sourceTree = "<group>";
		};
		89FF059717D2591A0086CCFD /* pkgconfig */ = {
			isa = PBXGroup;
			children = (
				89FF059817D2591A0086CCFD /* opencv.pc */,
			);
			path = pkgconfig;
			sourceTree = "<group>";
		};
		89FF059917D2591A0086CCFD /* python2.7 */ = {
			isa = PBXGroup;
			children = (
				89FF059A17D2591A0086CCFD /* site-packages */,
			);
			path = python2.7;
			sourceTree = "<group>";
		};
		89FF059A17D2591A0086CCFD /* site-packages */ = {
			isa = PBXGroup;
			children = (
				89FF059B17D2591A0086CCFD /* cv.py */,
				89FF059C17D2591A0086CCFD /* cv2.so */,
			);
			path = "site-packages";
			sourceTree = "<group>";
		};
		89FF059D17D2591A0086CCFD /* src */ = {
			isa = PBXGroup;
			children = (
				89FF059E17D2591A0086CCFD /* ofxCvBlob.h */,
				89FF059F17D2591A0086CCFD /* ofxCvColorImage.cpp */,
				89FF05A017D2591A0086CCFD /* ofxCvColorImage.h */,
				89FF05A117D2591A0086CCFD /* ofxCvConstants.h */,
				89FF05A217D2591A0086CCFD /* ofxCvContourFinder.cpp */,
				89FF05A317D2591A0086CCFD /* ofxCvContourFinder.h */,
				89FF05A417D2591A0086CCFD /* ofxCvFloatImage.cpp */,
				89FF05A517D2591A0086CCFD /* ofxCvFloatImage.h */,
				89FF05A617D2591A0086CCFD /* ofxCvGrayscaleImage.cpp */,
				89FF05A717D2591A0086CCFD /* ofxCvGrayscaleImage.h */,
				89FF05A817D2591A0086CCFD /* ofxCvHaarFinder.cpp */,
				89FF05A917D2591A0086CCFD /* ofxCvHaarFinder.h */,
				89FF05AA17D2591A0086CCFD /* ofxCvImage.cpp */,
				89FF05AB17D2591A0086CCFD /* ofxCvImage.h */,
				89FF05AC17D2591A0086CCFD /* ofxCvMain.h */,
				89FF05AD17D2591A0086CCFD /* ofxCvShortImage.cpp */,
				89FF05AE17D2591A0086CCFD /* ofxCvShortImage.h */,
				89FF05AF17D2591A0086CCFD /* ofxOpenCv.h */,
			);
			path = src;
			sourceTree = "<group>";
		};
		BB4B014C10F69532006C3DED /* addons */ = {
			isa = PBXGroup;
			children = (
				89FF04F117D2591A0086CCFD /* ofxOpenCv2461 */,
			);
			name = addons;
			sourceTree = "<group>";
		};
		BBAB23C913894ECA00AA2426 /* system frameworks */ = {
			isa = PBXGroup;
			children = (
				E7F985F515E0DE99003869B5 /* Accelerate.framework */,
				E4C2424410CC5A17004149E2 /* AppKit.framework */,
				E4C2424510CC5A17004149E2 /* Cocoa.framework */,
				E4C2424610CC5A17004149E2 /* IOKit.framework */,
				E45BE9710E8CC7DD009D7055 /* AGL.framework */,
				E45BE9720E8CC7DD009D7055 /* ApplicationServices.framework */,
				E45BE9730E8CC7DD009D7055 /* AudioToolbox.framework */,
				E45BE9740E8CC7DD009D7055 /* Carbon.framework */,
				E45BE9750E8CC7DD009D7055 /* CoreAudio.framework */,
				E45BE9760E8CC7DD009D7055 /* CoreFoundation.framework */,
				E45BE9770E8CC7DD009D7055 /* CoreServices.framework */,
				E45BE9790E8CC7DD009D7055 /* OpenGL.framework */,
				E45BE97A0E8CC7DD009D7055 /* QuickTime.framework */,
				E7E077E415D3B63C0020DFD4 /* CoreVideo.framework */,
				E7E077E715D3B6510020DFD4 /* QTKit.framework */,
			);
			name = "system frameworks";
			sourceTree = "<group>";
		};
		BBAB23CA13894EDB00AA2426 /* 3rd party frameworks */ = {
			isa = PBXGroup;
			children = (
				BBAB23BE13894E4700AA2426 /* GLUT.framework */,
			);
			name = "3rd party frameworks";
			sourceTree = "<group>";
		};
		E4328144138ABC890047C5CB /* Products */ = {
			isa = PBXGroup;
			children = (
				E4328148138ABC890047C5CB /* openFrameworksDebug.a */,
			);
			name = Products;
			sourceTree = "<group>";
		};
		E45BE5980E8CC70C009D7055 /* frameworks */ = {
			isa = PBXGroup;
			children = (
				BBAB23CA13894EDB00AA2426 /* 3rd party frameworks */,
				BBAB23C913894ECA00AA2426 /* system frameworks */,
			);
			name = frameworks;
			sourceTree = "<group>";
		};
		E4B69B4A0A3A1720003C02F2 = {
			isa = PBXGroup;
			children = (
				89FF05C917D25A830086CCFD /* libz.dylib */,
				E4B6FCAD0C3E899E008CF71C /* openFrameworks-Info.plist */,
				E4EB6923138AFD0F00A09F29 /* Project.xcconfig */,
				E4B69E1C0A3A1BDC003C02F2 /* src */,
				E4EEC9E9138DF44700A80321 /* openFrameworks */,
				BB4B014C10F69532006C3DED /* addons */,
				E45BE5980E8CC70C009D7055 /* frameworks */,
				E4B69B5B0A3A1756003C02F2 /* emptyExampleDebug.app */,
			);
			sourceTree = "<group>";
		};
		E4B69E1C0A3A1BDC003C02F2 /* src */ = {
			isa = PBXGroup;
			children = (
				E4B69E1D0A3A1BDC003C02F2 /* main.cpp */,
				E4B69E1E0A3A1BDC003C02F2 /* testApp.cpp */,
				E4B69E1F0A3A1BDC003C02F2 /* testApp.h */,
			);
			path = src;
			sourceTree = SOURCE_ROOT;
		};
		E4EEC9E9138DF44700A80321 /* openFrameworks */ = {
			isa = PBXGroup;
			children = (
				E4EB691F138AFCF100A09F29 /* CoreOF.xcconfig */,
				E4328143138ABC890047C5CB /* openFrameworksLib.xcodeproj */,
			);
			name = openFrameworks;
			sourceTree = "<group>";
		};
/* End PBXGroup section */

/* Begin PBXNativeTarget section */
		E4B69B5A0A3A1756003C02F2 /* emptyExample */ = {
			isa = PBXNativeTarget;
			buildConfigurationList = E4B69B5F0A3A1757003C02F2 /* Build configuration list for PBXNativeTarget "emptyExample" */;
			buildPhases = (
				E4B69B580A3A1756003C02F2 /* Sources */,
				E4B69B590A3A1756003C02F2 /* Frameworks */,
				E4B6FFFD0C3F9AB9008CF71C /* ShellScript */,
				E4C2427710CC5ABF004149E2 /* CopyFiles */,
			);
			buildRules = (
			);
			dependencies = (
				E4EEB9AC138B136A00A80321 /* PBXTargetDependency */,
			);
			name = emptyExample;
			productName = myOFApp;
			productReference = E4B69B5B0A3A1756003C02F2 /* emptyExampleDebug.app */;
			productType = "com.apple.product-type.application";
		};
/* End PBXNativeTarget section */

/* Begin PBXProject section */
		E4B69B4C0A3A1720003C02F2 /* Project object */ = {
			isa = PBXProject;
			buildConfigurationList = E4B69B4D0A3A1720003C02F2 /* Build configuration list for PBXProject "emptyExample" */;
			compatibilityVersion = "Xcode 2.4";
			developmentRegion = English;
			hasScannedForEncodings = 0;
			knownRegions = (
				English,
				Japanese,
				French,
				German,
			);
			mainGroup = E4B69B4A0A3A1720003C02F2;
			productRefGroup = E4B69B4A0A3A1720003C02F2;
			projectDirPath = "";
			projectReferences = (
				{
					ProductGroup = E4328144138ABC890047C5CB /* Products */;
					ProjectRef = E4328143138ABC890047C5CB /* openFrameworksLib.xcodeproj */;
				},
			);
			projectRoot = "";
			targets = (
				E4B69B5A0A3A1756003C02F2 /* emptyExample */,
			);
		};
/* End PBXProject section */

/* Begin PBXReferenceProxy section */
		E4328148138ABC890047C5CB /* openFrameworksDebug.a */ = {
			isa = PBXReferenceProxy;
			fileType = archive.ar;
			path = openFrameworksDebug.a;
			remoteRef = E4328147138ABC890047C5CB /* PBXContainerItemProxy */;
			sourceTree = BUILT_PRODUCTS_DIR;
		};
/* End PBXReferenceProxy section */

/* Begin PBXShellScriptBuildPhase section */
		E4B6FFFD0C3F9AB9008CF71C /* ShellScript */ = {
			isa = PBXShellScriptBuildPhase;
			buildActionMask = 2147483647;
			files = (
			);
			inputPaths = (
			);
			outputPaths = (
			);
			runOnlyForDeploymentPostprocessing = 0;
			shellPath = /bin/sh;
			shellScript = "cp -f ../../../libs/fmodex/lib/osx/libfmodex.dylib \"$TARGET_BUILD_DIR/$PRODUCT_NAME.app/Contents/MacOS/libfmodex.dylib\"; install_name_tool -change ./libfmodex.dylib @executable_path/libfmodex.dylib \"$TARGET_BUILD_DIR/$PRODUCT_NAME.app/Contents/MacOS/$PRODUCT_NAME\";";
		};
/* End PBXShellScriptBuildPhase section */

/* Begin PBXSourcesBuildPhase section */
		E4B69B580A3A1756003C02F2 /* Sources */ = {
			isa = PBXSourcesBuildPhase;
			buildActionMask = 2147483647;
			files = (
				E4B69E200A3A1BDC003C02F2 /* main.cpp in Sources */,
				E4B69E210A3A1BDC003C02F2 /* testApp.cpp in Sources */,
				89FF05C217D2591A0086CCFD /* ofxCvColorImage.cpp in Sources */,
				89FF05C317D2591A0086CCFD /* ofxCvContourFinder.cpp in Sources */,
				89FF05C417D2591A0086CCFD /* ofxCvFloatImage.cpp in Sources */,
				89FF05C517D2591A0086CCFD /* ofxCvGrayscaleImage.cpp in Sources */,
				89FF05C617D2591A0086CCFD /* ofxCvHaarFinder.cpp in Sources */,
				89FF05C717D2591A0086CCFD /* ofxCvImage.cpp in Sources */,
				89FF05C817D2591A0086CCFD /* ofxCvShortImage.cpp in Sources */,
			);
			runOnlyForDeploymentPostprocessing = 0;
		};
/* End PBXSourcesBuildPhase section */

/* Begin PBXTargetDependency section */
		E4EEB9AC138B136A00A80321 /* PBXTargetDependency */ = {
			isa = PBXTargetDependency;
			name = openFrameworks;
			targetProxy = E4EEB9AB138B136A00A80321 /* PBXContainerItemProxy */;
		};
/* End PBXTargetDependency section */

/* Begin XCBuildConfiguration section */
		E4B69B4E0A3A1720003C02F2 /* Debug */ = {
			isa = XCBuildConfiguration;
			baseConfigurationReference = E4EB6923138AFD0F00A09F29 /* Project.xcconfig */;
			buildSettings = {
				ARCHS = "$(NATIVE_ARCH)";
				CONFIGURATION_BUILD_DIR = "$(SRCROOT)/bin/";
				COPY_PHASE_STRIP = NO;
				DEAD_CODE_STRIPPING = YES;
				GCC_AUTO_VECTORIZATION = YES;
				GCC_ENABLE_SSE3_EXTENSIONS = YES;
				GCC_ENABLE_SUPPLEMENTAL_SSE3_INSTRUCTIONS = YES;
				GCC_INLINES_ARE_PRIVATE_EXTERN = NO;
				GCC_OPTIMIZATION_LEVEL = 0;
				GCC_SYMBOLS_PRIVATE_EXTERN = NO;
				GCC_WARN_ABOUT_DEPRECATED_FUNCTIONS = YES;
				GCC_WARN_ABOUT_INVALID_OFFSETOF_MACRO = NO;
				GCC_WARN_ALLOW_INCOMPLETE_PROTOCOL = NO;
				GCC_WARN_UNINITIALIZED_AUTOS = NO;
				GCC_WARN_UNUSED_VALUE = NO;
				GCC_WARN_UNUSED_VARIABLE = NO;
				HEADER_SEARCH_PATHS = (
					"$(OF_CORE_HEADERS)",
					"$(OPENCV_HEADERS_PATH)",
					src,
				);
				LIBRARY_SEARCH_PATHS = "$(OPENCV_LIBS_PATH)";
				OTHER_CPLUSPLUSFLAGS = (
					"-D__MACOSX_CORE__",
					"-lpthread",
					"-mtune=native",
				);
				SDKROOT = macosx;
			};
			name = Debug;
		};
		E4B69B4F0A3A1720003C02F2 /* Release */ = {
			isa = XCBuildConfiguration;
			baseConfigurationReference = E4EB6923138AFD0F00A09F29 /* Project.xcconfig */;
			buildSettings = {
				ARCHS = "$(NATIVE_ARCH)";
				CONFIGURATION_BUILD_DIR = "$(SRCROOT)/bin/";
				COPY_PHASE_STRIP = YES;
				DEAD_CODE_STRIPPING = YES;
				GCC_AUTO_VECTORIZATION = YES;
				GCC_ENABLE_SSE3_EXTENSIONS = YES;
				GCC_ENABLE_SUPPLEMENTAL_SSE3_INSTRUCTIONS = YES;
				GCC_INLINES_ARE_PRIVATE_EXTERN = NO;
				GCC_OPTIMIZATION_LEVEL = 3;
				GCC_SYMBOLS_PRIVATE_EXTERN = NO;
				GCC_UNROLL_LOOPS = YES;
				GCC_WARN_ABOUT_DEPRECATED_FUNCTIONS = YES;
				GCC_WARN_ABOUT_INVALID_OFFSETOF_MACRO = NO;
				GCC_WARN_ALLOW_INCOMPLETE_PROTOCOL = NO;
				GCC_WARN_UNINITIALIZED_AUTOS = NO;
				GCC_WARN_UNUSED_VALUE = NO;
				GCC_WARN_UNUSED_VARIABLE = NO;
				HEADER_SEARCH_PATHS = (
					"$(OF_CORE_HEADERS)",
					"$(OPENCV_HEADERS_PATH)",
					src,
				);
				LIBRARY_SEARCH_PATHS = "$(OPENCV_LIBS_PATH)";
				OTHER_CPLUSPLUSFLAGS = (
					"-D__MACOSX_CORE__",
					"-lpthread",
					"-mtune=native",
				);
				SDKROOT = macosx;
			};
			name = Release;
		};
		E4B69B600A3A1757003C02F2 /* Debug */ = {
			isa = XCBuildConfiguration;
			buildSettings = {
				COPY_PHASE_STRIP = NO;
				FRAMEWORK_SEARCH_PATHS = (
					"$(inherited)",
					"$(FRAMEWORK_SEARCH_PATHS_QUOTED_FOR_TARGET_1)",
				);
				FRAMEWORK_SEARCH_PATHS_QUOTED_FOR_TARGET_1 = "\"$(SRCROOT)/../../../libs/glut/lib/osx\"";
				GCC_DYNAMIC_NO_PIC = NO;
				GCC_ENABLE_FIX_AND_CONTINUE = YES;
				GCC_GENERATE_DEBUGGING_SYMBOLS = YES;
				GCC_MODEL_TUNING = NONE;
				GCC_PRECOMPILE_PREFIX_HEADER = YES;
				GCC_PREFIX_HEADER = "$(SYSTEM_LIBRARY_DIR)/Frameworks/Carbon.framework/Headers/Carbon.h";
				INFOPLIST_FILE = "openFrameworks-Info.plist";
				INSTALL_PATH = "$(HOME)/Applications";
				LIBRARY_SEARCH_PATHS = (
					"$(inherited)",
					"$(LIBRARY_SEARCH_PATHS_QUOTED_FOR_TARGET_1)",
					"$(LIBRARY_SEARCH_PATHS_QUOTED_FOR_TARGET_2)",
					"$(LIBRARY_SEARCH_PATHS_QUOTED_FOR_TARGET_3)",
					"$(LIBRARY_SEARCH_PATHS_QUOTED_FOR_TARGET_4)",
					"$(LIBRARY_SEARCH_PATHS_QUOTED_FOR_TARGET_5)",
					"$(LIBRARY_SEARCH_PATHS_QUOTED_FOR_TARGET_6)",
					"$(LIBRARY_SEARCH_PATHS_QUOTED_FOR_TARGET_7)",
					"$(LIBRARY_SEARCH_PATHS_QUOTED_FOR_TARGET_8)",
					"$(LIBRARY_SEARCH_PATHS_QUOTED_FOR_TARGET_9)",
					"$(LIBRARY_SEARCH_PATHS_QUOTED_FOR_TARGET_10)",
					"$(LIBRARY_SEARCH_PATHS_QUOTED_FOR_TARGET_11)",
					"$(LIBRARY_SEARCH_PATHS_QUOTED_FOR_TARGET_12)",
					"$(LIBRARY_SEARCH_PATHS_QUOTED_FOR_TARGET_13)",
					"$(LIBRARY_SEARCH_PATHS_QUOTED_FOR_TARGET_14)",
					"$(LIBRARY_SEARCH_PATHS_QUOTED_FOR_TARGET_15)",
					"$(LIBRARY_SEARCH_PATHS_QUOTED_FOR_TARGET_2)",
					"$(LIBRARY_SEARCH_PATHS_QUOTED_FOR_TARGET_3)",
					"$(LIBRARY_SEARCH_PATHS_QUOTED_FOR_TARGET_7)",
					"$(LIBRARY_SEARCH_PATHS_QUOTED_FOR_TARGET_8)",
					"$(LIBRARY_SEARCH_PATHS_QUOTED_FOR_TARGET_9)",
					"$(LIBRARY_SEARCH_PATHS_QUOTED_FOR_TARGET_10)",
					"$(LIBRARY_SEARCH_PATHS_QUOTED_FOR_TARGET_11)",
					"$(LIBRARY_SEARCH_PATHS_QUOTED_FOR_TARGET_12)",
					"$(LIBRARY_SEARCH_PATHS_QUOTED_FOR_TARGET_13)",
					"$(LIBRARY_SEARCH_PATHS_QUOTED_FOR_TARGET_16)",
					"$(LIBRARY_SEARCH_PATHS_QUOTED_FOR_TARGET_17)",
					"$(LIBRARY_SEARCH_PATHS_QUOTED_FOR_TARGET_18)",
					"$(LIBRARY_SEARCH_PATHS_QUOTED_FOR_TARGET_19)",
					"$(LIBRARY_SEARCH_PATHS_QUOTED_FOR_TARGET_20)",
					"$(LIBRARY_SEARCH_PATHS_QUOTED_FOR_TARGET_21)",
					"$(LIBRARY_SEARCH_PATHS_QUOTED_FOR_TARGET_22)",
					"$(LIBRARY_SEARCH_PATHS_QUOTED_FOR_TARGET_23)",
					"$(LIBRARY_SEARCH_PATHS_QUOTED_FOR_TARGET_24)",
					"$(LIBRARY_SEARCH_PATHS_QUOTED_FOR_TARGET_25)",
					"$(LIBRARY_SEARCH_PATHS_QUOTED_FOR_TARGET_26)",
					"$(LIBRARY_SEARCH_PATHS_QUOTED_FOR_TARGET_27)",
					"$(LIBRARY_SEARCH_PATHS_QUOTED_FOR_TARGET_28)",
					"$(LIBRARY_SEARCH_PATHS_QUOTED_FOR_TARGET_29)",
					"$(LIBRARY_SEARCH_PATHS_QUOTED_FOR_TARGET_30)",
					"$(LIBRARY_SEARCH_PATHS_QUOTED_FOR_TARGET_31)",
					"$(LIBRARY_SEARCH_PATHS_QUOTED_FOR_TARGET_32)",
					"$(LIBRARY_SEARCH_PATHS_QUOTED_FOR_TARGET_33)",
					"$(LIBRARY_SEARCH_PATHS_QUOTED_FOR_TARGET_34)",
					"$(LIBRARY_SEARCH_PATHS_QUOTED_FOR_TARGET_35)",
					"$(LIBRARY_SEARCH_PATHS_QUOTED_FOR_TARGET_36)",
					"$(LIBRARY_SEARCH_PATHS_QUOTED_FOR_TARGET_37)",
					"$(LIBRARY_SEARCH_PATHS_QUOTED_FOR_TARGET_38)",
					"$(LIBRARY_SEARCH_PATHS_QUOTED_FOR_TARGET_39)",
					"$(LIBRARY_SEARCH_PATHS_QUOTED_FOR_TARGET_40)",
					"$(LIBRARY_SEARCH_PATHS_QUOTED_FOR_TARGET_41)",
					"$(LIBRARY_SEARCH_PATHS_QUOTED_FOR_TARGET_42)",
					"$(LIBRARY_SEARCH_PATHS_QUOTED_FOR_TARGET_43)",
					"$(LIBRARY_SEARCH_PATHS_QUOTED_FOR_TARGET_44)",
					"$(LIBRARY_SEARCH_PATHS_QUOTED_FOR_TARGET_45)",
					"$(LIBRARY_SEARCH_PATHS_QUOTED_FOR_TARGET_46)",
					"$(LIBRARY_SEARCH_PATHS_QUOTED_FOR_TARGET_47)",
					"$(LIBRARY_SEARCH_PATHS_QUOTED_FOR_TARGET_48)",
					"$(LIBRARY_SEARCH_PATHS_QUOTED_FOR_TARGET_49)",
					"$(LIBRARY_SEARCH_PATHS_QUOTED_FOR_TARGET_50)",
					"$(LIBRARY_SEARCH_PATHS_QUOTED_FOR_TARGET_51)",
					"$(LIBRARY_SEARCH_PATHS_QUOTED_FOR_TARGET_52)",
					"$(LIBRARY_SEARCH_PATHS_QUOTED_FOR_TARGET_1)",
					"$(LIBRARY_SEARCH_PATHS_QUOTED_FOR_TARGET_2)",
					"$(LIBRARY_SEARCH_PATHS_QUOTED_FOR_TARGET_3)",
					"$(LIBRARY_SEARCH_PATHS_QUOTED_FOR_TARGET_4)",
				);
				LIBRARY_SEARCH_PATHS_QUOTED_FOR_TARGET_1 = "\"$(SRCROOT)/../../../addons/ofxOpenCv.2.4.6.1/libs/opencv/lib\"";
				LIBRARY_SEARCH_PATHS_QUOTED_FOR_TARGET_2 = "\"$(SRCROOT)/../../../addons/ofxOpenCv.2.4.6.1/libs/opencv/lib/python2.7/site-packages\"";
				LIBRARY_SEARCH_PATHS_QUOTED_FOR_TARGET_3 = "\"$(SRCROOT)/../../../addons/ofxOpenCv2461/libs/opencv/lib\"";
				LIBRARY_SEARCH_PATHS_QUOTED_FOR_TARGET_4 = "\"$(SRCROOT)/../../../addons/ofxOpenCv2461/libs/opencv/lib/python2.7/site-packages\"";
				PREBINDING = NO;
				PRODUCT_NAME = "$(TARGET_NAME)Debug";
				WRAPPER_EXTENSION = app;
			};
			name = Debug;
		};
		E4B69B610A3A1757003C02F2 /* Release */ = {
			isa = XCBuildConfiguration;
			buildSettings = {
				COPY_PHASE_STRIP = YES;
				FRAMEWORK_SEARCH_PATHS = (
					"$(inherited)",
					"$(FRAMEWORK_SEARCH_PATHS_QUOTED_FOR_TARGET_1)",
				);
				FRAMEWORK_SEARCH_PATHS_QUOTED_FOR_TARGET_1 = "\"$(SRCROOT)/../../../libs/glut/lib/osx\"";
				GCC_ENABLE_FIX_AND_CONTINUE = NO;
				GCC_GENERATE_DEBUGGING_SYMBOLS = YES;
				GCC_MODEL_TUNING = NONE;
				GCC_PRECOMPILE_PREFIX_HEADER = YES;
				GCC_PREFIX_HEADER = "$(SYSTEM_LIBRARY_DIR)/Frameworks/Carbon.framework/Headers/Carbon.h";
				INFOPLIST_FILE = "openFrameworks-Info.plist";
				INSTALL_PATH = "$(HOME)/Applications";
				LIBRARY_SEARCH_PATHS = (
					"$(inherited)",
					"$(LIBRARY_SEARCH_PATHS_QUOTED_FOR_TARGET_1)",
					"$(LIBRARY_SEARCH_PATHS_QUOTED_FOR_TARGET_2)",
					"$(LIBRARY_SEARCH_PATHS_QUOTED_FOR_TARGET_3)",
					"$(LIBRARY_SEARCH_PATHS_QUOTED_FOR_TARGET_4)",
					"$(LIBRARY_SEARCH_PATHS_QUOTED_FOR_TARGET_5)",
					"$(LIBRARY_SEARCH_PATHS_QUOTED_FOR_TARGET_6)",
					"$(LIBRARY_SEARCH_PATHS_QUOTED_FOR_TARGET_7)",
					"$(LIBRARY_SEARCH_PATHS_QUOTED_FOR_TARGET_8)",
					"$(LIBRARY_SEARCH_PATHS_QUOTED_FOR_TARGET_9)",
					"$(LIBRARY_SEARCH_PATHS_QUOTED_FOR_TARGET_10)",
					"$(LIBRARY_SEARCH_PATHS_QUOTED_FOR_TARGET_11)",
					"$(LIBRARY_SEARCH_PATHS_QUOTED_FOR_TARGET_12)",
					"$(LIBRARY_SEARCH_PATHS_QUOTED_FOR_TARGET_13)",
					"$(LIBRARY_SEARCH_PATHS_QUOTED_FOR_TARGET_14)",
					"$(LIBRARY_SEARCH_PATHS_QUOTED_FOR_TARGET_15)",
					"$(LIBRARY_SEARCH_PATHS_QUOTED_FOR_TARGET_2)",
					"$(LIBRARY_SEARCH_PATHS_QUOTED_1)",
					"$(LIBRARY_SEARCH_PATHS_QUOTED_FOR_TARGET_3)",
					"$(LIBRARY_SEARCH_PATHS_QUOTED_FOR_TARGET_7)",
					"$(LIBRARY_SEARCH_PATHS_QUOTED_FOR_TARGET_8)",
					"$(LIBRARY_SEARCH_PATHS_QUOTED_FOR_TARGET_9)",
					"$(LIBRARY_SEARCH_PATHS_QUOTED_FOR_TARGET_10)",
					"$(LIBRARY_SEARCH_PATHS_QUOTED_FOR_TARGET_11)",
					"$(LIBRARY_SEARCH_PATHS_QUOTED_FOR_TARGET_12)",
					"$(LIBRARY_SEARCH_PATHS_QUOTED_FOR_TARGET_13)",
					"$(LIBRARY_SEARCH_PATHS_QUOTED_FOR_TARGET_16)",
					"$(LIBRARY_SEARCH_PATHS_QUOTED_FOR_TARGET_17)",
					"$(LIBRARY_SEARCH_PATHS_QUOTED_FOR_TARGET_18)",
					"$(LIBRARY_SEARCH_PATHS_QUOTED_FOR_TARGET_19)",
					"$(LIBRARY_SEARCH_PATHS_QUOTED_FOR_TARGET_20)",
					"$(LIBRARY_SEARCH_PATHS_QUOTED_FOR_TARGET_21)",
					"$(LIBRARY_SEARCH_PATHS_QUOTED_FOR_TARGET_22)",
					"$(LIBRARY_SEARCH_PATHS_QUOTED_FOR_TARGET_23)",
					"$(LIBRARY_SEARCH_PATHS_QUOTED_FOR_TARGET_24)",
					"$(LIBRARY_SEARCH_PATHS_QUOTED_FOR_TARGET_25)",
					"$(LIBRARY_SEARCH_PATHS_QUOTED_FOR_TARGET_26)",
					"$(LIBRARY_SEARCH_PATHS_QUOTED_FOR_TARGET_27)",
					"$(LIBRARY_SEARCH_PATHS_QUOTED_FOR_TARGET_28)",
					"$(LIBRARY_SEARCH_PATHS_QUOTED_FOR_TARGET_29)",
					"$(LIBRARY_SEARCH_PATHS_QUOTED_FOR_TARGET_30)",
					"$(LIBRARY_SEARCH_PATHS_QUOTED_FOR_TARGET_31)",
					"$(LIBRARY_SEARCH_PATHS_QUOTED_FOR_TARGET_32)",
					"$(LIBRARY_SEARCH_PATHS_QUOTED_FOR_TARGET_33)",
					"$(LIBRARY_SEARCH_PATHS_QUOTED_FOR_TARGET_34)",
					"$(LIBRARY_SEARCH_PATHS_QUOTED_FOR_TARGET_35)",
					"$(LIBRARY_SEARCH_PATHS_QUOTED_FOR_TARGET_36)",
					"$(LIBRARY_SEARCH_PATHS_QUOTED_FOR_TARGET_37)",
					"$(LIBRARY_SEARCH_PATHS_QUOTED_FOR_TARGET_38)",
					"$(LIBRARY_SEARCH_PATHS_QUOTED_FOR_TARGET_39)",
					"$(LIBRARY_SEARCH_PATHS_QUOTED_FOR_TARGET_40)",
					"$(LIBRARY_SEARCH_PATHS_QUOTED_FOR_TARGET_41)",
					"$(LIBRARY_SEARCH_PATHS_QUOTED_FOR_TARGET_42)",
					"$(LIBRARY_SEARCH_PATHS_QUOTED_FOR_TARGET_43)",
					"$(LIBRARY_SEARCH_PATHS_QUOTED_FOR_TARGET_44)",
					"$(LIBRARY_SEARCH_PATHS_QUOTED_FOR_TARGET_45)",
					"$(LIBRARY_SEARCH_PATHS_QUOTED_FOR_TARGET_46)",
					"$(LIBRARY_SEARCH_PATHS_QUOTED_FOR_TARGET_47)",
					"$(LIBRARY_SEARCH_PATHS_QUOTED_FOR_TARGET_48)",
					"$(LIBRARY_SEARCH_PATHS_QUOTED_FOR_TARGET_49)",
					"$(LIBRARY_SEARCH_PATHS_QUOTED_FOR_TARGET_50)",
					"$(LIBRARY_SEARCH_PATHS_QUOTED_FOR_TARGET_51)",
					"$(LIBRARY_SEARCH_PATHS_QUOTED_FOR_TARGET_1)",
					"$(LIBRARY_SEARCH_PATHS_QUOTED_FOR_TARGET_2)",
					"$(LIBRARY_SEARCH_PATHS_QUOTED_FOR_TARGET_3)",
					"$(LIBRARY_SEARCH_PATHS_QUOTED_FOR_TARGET_4)",
				);
				LIBRARY_SEARCH_PATHS_QUOTED_FOR_TARGET_1 = "\"$(SRCROOT)/../../../addons/ofxOpenCv.2.4.6.1/libs/opencv/lib\"";
				LIBRARY_SEARCH_PATHS_QUOTED_FOR_TARGET_2 = "\"$(SRCROOT)/../../../addons/ofxOpenCv.2.4.6.1/libs/opencv/lib/python2.7/site-packages\"";
				LIBRARY_SEARCH_PATHS_QUOTED_FOR_TARGET_3 = "\"$(SRCROOT)/../../../addons/ofxOpenCv2461/libs/opencv/lib\"";
				LIBRARY_SEARCH_PATHS_QUOTED_FOR_TARGET_4 = "\"$(SRCROOT)/../../../addons/ofxOpenCv2461/libs/opencv/lib/python2.7/site-packages\"";
				PREBINDING = NO;
				PRODUCT_NAME = "$(TARGET_NAME)";
				WRAPPER_EXTENSION = app;
			};
			name = Release;
		};
/* End XCBuildConfiguration section */

/* Begin XCConfigurationList section */
		E4B69B4D0A3A1720003C02F2 /* Build configuration list for PBXProject "emptyExample" */ = {
			isa = XCConfigurationList;
			buildConfigurations = (
				E4B69B4E0A3A1720003C02F2 /* Debug */,
				E4B69B4F0A3A1720003C02F2 /* Release */,
			);
			defaultConfigurationIsVisible = 0;
			defaultConfigurationName = Release;
		};
		E4B69B5F0A3A1757003C02F2 /* Build configuration list for PBXNativeTarget "emptyExample" */ = {
			isa = XCConfigurationList;
			buildConfigurations = (
				E4B69B600A3A1757003C02F2 /* Debug */,
				E4B69B610A3A1757003C02F2 /* Release */,
			);
			defaultConfigurationIsVisible = 0;
			defaultConfigurationName = Release;
		};
/* End XCConfigurationList section */
	};
	rootObject = E4B69B4C0A3A1720003C02F2 /* Project object */;
}
